// !$*UTF8*$!
{
	archiveVersion = 1;
	classes = {
	};
	objectVersion = 56;
	objects = {

/* Begin PBXBuildFile section */
		1E55F50529DC60E900CE4C5B /* JSONDecoderManager.swift in Sources */ = {isa = PBXBuildFile; fileRef = 1E55F50329DC60E900CE4C5B /* JSONDecoderManager.swift */; };
		1E55F50629DC60E900CE4C5B /* NetworkManager.swift in Sources */ = {isa = PBXBuildFile; fileRef = 1E55F50429DC60E900CE4C5B /* NetworkManager.swift */; };
		1E55F50829DC61D500CE4C5B /* APIKey.swift in Sources */ = {isa = PBXBuildFile; fileRef = 1E55F50729DC61D500CE4C5B /* APIKey.swift */; };
		1E55F50A29DC690C00CE4C5B /* MoviesModelResponse.swift in Sources */ = {isa = PBXBuildFile; fileRef = 1E55F50929DC690C00CE4C5B /* MoviesModelResponse.swift */; };
		1E55F50C29DC6DC200CE4C5B /* MovieDetail.swift in Sources */ = {isa = PBXBuildFile; fileRef = 1E55F50B29DC6DC200CE4C5B /* MovieDetail.swift */; };
		286DD87329E1752800F201F2 /* CastAndCrew.swift in Sources */ = {isa = PBXBuildFile; fileRef = 286DD87229E1752800F201F2 /* CastAndCrew.swift */; };
		286DD87529E1A8E400F201F2 /* MovieVideoModel.swift in Sources */ = {isa = PBXBuildFile; fileRef = 286DD87429E1A8E400F201F2 /* MovieVideoModel.swift */; };
		5766F36F29E81CE1001535E4 /* TVDetailsViewController.swift in Sources */ = {isa = PBXBuildFile; fileRef = 5766F36E29E81CE1001535E4 /* TVDetailsViewController.swift */; };
		57CD4F2329DCAC12004B73F4 /* MovieTableViewCell.swift in Sources */ = {isa = PBXBuildFile; fileRef = 57CD4F2229DCAC12004B73F4 /* MovieTableViewCell.swift */; };
		57D5C9E729DE05DF00C99198 /* MovieCollectionViewCell.swift in Sources */ = {isa = PBXBuildFile; fileRef = 57D5C9E629DE05DF00C99198 /* MovieCollectionViewCell.swift */; };
		57F9311829E0BC01009D9666 /* CollectionReusableViewHeader.swift in Sources */ = {isa = PBXBuildFile; fileRef = 57F9311729E0BC01009D9666 /* CollectionReusableViewHeader.swift */; };
		80182A8429DF5A43002B99DD /* TransformView.swift in Sources */ = {isa = PBXBuildFile; fileRef = 80182A8329DF5A43002B99DD /* TransformView.swift */; };
		80182A8629DF5A59002B99DD /* CGFloat + Extension.swift in Sources */ = {isa = PBXBuildFile; fileRef = 80182A8529DF5A59002B99DD /* CGFloat + Extension.swift */; };
		8021866929DD7D660078D701 /* FirebaseAuth in Frameworks */ = {isa = PBXBuildFile; productRef = 8021866829DD7D660078D701 /* FirebaseAuth */; };
		803898C829DC7BCA00103156 /* SignInViewController.swift in Sources */ = {isa = PBXBuildFile; fileRef = 803898C729DC7BC900103156 /* SignInViewController.swift */; };
		804CB41129DC730000955FA9 /* GoogleSignInSwift in Frameworks */ = {isa = PBXBuildFile; productRef = 804CB40929DC6F1700955FA9 /* GoogleSignInSwift */; };
		804CB41229DC730000955FA9 /* SDWebImage in Frameworks */ = {isa = PBXBuildFile; productRef = 804CB40C29DC6F3D00955FA9 /* SDWebImage */; };
		804CB41729DC73C000955FA9 /* DontHaveAccButton.swift in Sources */ = {isa = PBXBuildFile; fileRef = 804CB41429DC73C000955FA9 /* DontHaveAccButton.swift */; };
		804CB41829DC73C000955FA9 /* AppTextField.swift in Sources */ = {isa = PBXBuildFile; fileRef = 804CB41529DC73C000955FA9 /* AppTextField.swift */; };
		804CB41929DC73C000955FA9 /* CustomLabel.swift in Sources */ = {isa = PBXBuildFile; fileRef = 804CB41629DC73C000955FA9 /* CustomLabel.swift */; };
		804CB41B29DC740700955FA9 /* HapticsManager.swift in Sources */ = {isa = PBXBuildFile; fileRef = 804CB41A29DC740700955FA9 /* HapticsManager.swift */; };
		8058C56C29E09A9C003C4757 /* SettingsViewController.swift in Sources */ = {isa = PBXBuildFile; fileRef = 8058C56B29E09A9C003C4757 /* SettingsViewController.swift */; };
		8058C56E29E09D90003C4757 /* ChangePasswordViewController.swift in Sources */ = {isa = PBXBuildFile; fileRef = 8058C56D29E09D90003C4757 /* ChangePasswordViewController.swift */; };
		806231AC29E556C1003B8CE4 /* DetailCollectionViewCell.swift in Sources */ = {isa = PBXBuildFile; fileRef = 806231AB29E556C1003B8CE4 /* DetailCollectionViewCell.swift */; };
		806231AE29E556E2003B8CE4 /* MovieSearchTextField.swift in Sources */ = {isa = PBXBuildFile; fileRef = 806231AD29E556E2003B8CE4 /* MovieSearchTextField.swift */; };
		8079B4E729E71A62005E00A9 /* TVDetail.swift in Sources */ = {isa = PBXBuildFile; fileRef = 8079B4E629E71A62005E00A9 /* TVDetail.swift */; };
		8079B4E929E71DE4005E00A9 /* TVModel.swift in Sources */ = {isa = PBXBuildFile; fileRef = 8079B4E829E71DE4005E00A9 /* TVModel.swift */; };
		8081199929E00A5A001A0E4A /* UIStackView + Extension.swift in Sources */ = {isa = PBXBuildFile; fileRef = 8081199829E00A5A001A0E4A /* UIStackView + Extension.swift */; };
		8081199B29E00A82001A0E4A /* UILabel + Extension.swift in Sources */ = {isa = PBXBuildFile; fileRef = 8081199A29E00A82001A0E4A /* UILabel + Extension.swift */; };
		8081199D29E00ADD001A0E4A /* UIView + Extension.swift in Sources */ = {isa = PBXBuildFile; fileRef = 8081199C29E00ADD001A0E4A /* UIView + Extension.swift */; };
		808119A329E03517001A0E4A /* GenderButton.swift in Sources */ = {isa = PBXBuildFile; fileRef = 808119A229E03517001A0E4A /* GenderButton.swift */; };
		808E8CBD29DAC186003DD106 /* UIColor + Extension.swift in Sources */ = {isa = PBXBuildFile; fileRef = 808E8CBC29DAC186003DD106 /* UIColor + Extension.swift */; };
		808E8CBF29DAC998003DD106 /* README.md in Resources */ = {isa = PBXBuildFile; fileRef = 808E8CBE29DAC998003DD106 /* README.md */; };
		808E8CC129DAC9E8003DD106 /* HomeViewController.swift in Sources */ = {isa = PBXBuildFile; fileRef = 808E8CC029DAC9E8003DD106 /* HomeViewController.swift */; };
		808E8CC429DACA44003DD106 /* SignUpViewController.swift in Sources */ = {isa = PBXBuildFile; fileRef = 808E8CC329DACA44003DD106 /* SignUpViewController.swift */; };
		808E8CC729DB07B9003DD106 /* BlueButton.swift in Sources */ = {isa = PBXBuildFile; fileRef = 808E8CC629DB07B9003DD106 /* BlueButton.swift */; };
		809BD0C729E1FC6800002069 /* PhotoPickerView.swift in Sources */ = {isa = PBXBuildFile; fileRef = 809BD0C629E1FC6800002069 /* PhotoPickerView.swift */; };
		809FE97429DD7E74007EAF7A /* AuthError.swift in Sources */ = {isa = PBXBuildFile; fileRef = 809FE97329DD7E74007EAF7A /* AuthError.swift */; };
		809FE97629DD7FAE007EAF7A /* MovieUser.swift in Sources */ = {isa = PBXBuildFile; fileRef = 809FE97529DD7FAE007EAF7A /* MovieUser.swift */; };
		809FE97829DD8B92007EAF7A /* GoogleService-Info.plist in Resources */ = {isa = PBXBuildFile; fileRef = 809FE97729DD8B92007EAF7A /* GoogleService-Info.plist */; };
		809FE97B29DD8F3E007EAF7A /* UIAlertController+ Extension.swift in Sources */ = {isa = PBXBuildFile; fileRef = 809FE97A29DD8F3E007EAF7A /* UIAlertController+ Extension.swift */; };
		80A2E61129E560C3001AF7C6 /* RealmSwift in Frameworks */ = {isa = PBXBuildFile; productRef = 8066744429E53F2100881DD9 /* RealmSwift */; };
		80A2E61329E56122001AF7C6 /* UserModel.swift in Sources */ = {isa = PBXBuildFile; fileRef = 80A2E61229E56122001AF7C6 /* UserModel.swift */; };
		80A2E61629E56A64001AF7C6 /* MovieModel.swift in Sources */ = {isa = PBXBuildFile; fileRef = 80A2E61529E56A64001AF7C6 /* MovieModel.swift */; };
		80AD556F29D7884A00A8F1C3 /* AppDelegate.swift in Sources */ = {isa = PBXBuildFile; fileRef = 80AD556E29D7884A00A8F1C3 /* AppDelegate.swift */; };
		80AD557329D7884A00A8F1C3 /* MainTabBarController.swift in Sources */ = {isa = PBXBuildFile; fileRef = 80AD557229D7884A00A8F1C3 /* MainTabBarController.swift */; };
		80AD557829D7884C00A8F1C3 /* Assets.xcassets in Resources */ = {isa = PBXBuildFile; fileRef = 80AD557729D7884C00A8F1C3 /* Assets.xcassets */; };
		80AD557B29D7884C00A8F1C3 /* LaunchScreen.storyboard in Resources */ = {isa = PBXBuildFile; fileRef = 80AD557929D7884C00A8F1C3 /* LaunchScreen.storyboard */; };
		80AD558B29D7894A00A8F1C3 /* AuthManager.swift in Sources */ = {isa = PBXBuildFile; fileRef = 80AD558A29D7894A00A8F1C3 /* AuthManager.swift */; };
		80AD558F29D78AAF00A8F1C3 /* OnboardingViewController.swift in Sources */ = {isa = PBXBuildFile; fileRef = 80AD558E29D78AAF00A8F1C3 /* OnboardingViewController.swift */; };
		80AD559129D78ACF00A8F1C3 /* AuthViewController.swift in Sources */ = {isa = PBXBuildFile; fileRef = 80AD559029D78ACF00A8F1C3 /* AuthViewController.swift */; };
		80AD559329D78B2500A8F1C3 /* ProfileViewController.swift in Sources */ = {isa = PBXBuildFile; fileRef = 80AD559229D78B2500A8F1C3 /* ProfileViewController.swift */; };
		80AD559529D78B4500A8F1C3 /* SearchViewController.swift in Sources */ = {isa = PBXBuildFile; fileRef = 80AD559429D78B4500A8F1C3 /* SearchViewController.swift */; };
		80AD559729D78B6C00A8F1C3 /* FavoriteViewController.swift in Sources */ = {isa = PBXBuildFile; fileRef = 80AD559629D78B6C00A8F1C3 /* FavoriteViewController.swift */; };
		80AD559929D78BAD00A8F1C3 /* DetailViewController.swift in Sources */ = {isa = PBXBuildFile; fileRef = 80AD559829D78BAD00A8F1C3 /* DetailViewController.swift */; };
		80AD559B29D78BDF00A8F1C3 /* HistoryViewController.swift in Sources */ = {isa = PBXBuildFile; fileRef = 80AD559A29D78BDF00A8F1C3 /* HistoryViewController.swift */; };
		80AD559D29D78C0500A8F1C3 /* RealmManager.swift in Sources */ = {isa = PBXBuildFile; fileRef = 80AD559C29D78C0500A8F1C3 /* RealmManager.swift */; };
		80AD559F29D78C1B00A8F1C3 /* ApiManager.swift in Sources */ = {isa = PBXBuildFile; fileRef = 80AD559E29D78C1B00A8F1C3 /* ApiManager.swift */; };
		80D0DDB729E43EA300C68B93 /* SettingTableViewCell.swift in Sources */ = {isa = PBXBuildFile; fileRef = 80D0DDB629E43EA300C68B93 /* SettingTableViewCell.swift */; };
		80D19C9929EB62C4008E20C9 /* UIResponder + Extension.swift in Sources */ = {isa = PBXBuildFile; fileRef = 80D19C9829EB62C4008E20C9 /* UIResponder + Extension.swift */; };
		80D19CBF29EB6D3B008E20C9 /* RecentScreen.png in Resources */ = {isa = PBXBuildFile; fileRef = 80D19CB629EB6D39008E20C9 /* RecentScreen.png */; };
		80D19CC029EB6D3B008E20C9 /* FavoritesScreen.png in Resources */ = {isa = PBXBuildFile; fileRef = 80D19CB729EB6D39008E20C9 /* FavoritesScreen.png */; };
		80D19CC629EB6D3B008E20C9 /* HomeScreen.png in Resources */ = {isa = PBXBuildFile; fileRef = 80D19CBD29EB6D3A008E20C9 /* HomeScreen.png */; };
		80D19CC829EB73D4008E20C9 /* HomeScreenDark.png in Resources */ = {isa = PBXBuildFile; fileRef = 80D19CC729EB73D4008E20C9 /* HomeScreenDark.png */; };
		80D19CCC29EB76EA008E20C9 /* HomeGif.gif in Resources */ = {isa = PBXBuildFile; fileRef = 80D19CCB29EB76E9008E20C9 /* HomeGif.gif */; };
		80D19CCF29EB77AE008E20C9 /* ProfileDark.png in Resources */ = {isa = PBXBuildFile; fileRef = 80D19CCD29EB77AE008E20C9 /* ProfileDark.png */; };
		80D19CD029EB77AE008E20C9 /* ProfileLight.png in Resources */ = {isa = PBXBuildFile; fileRef = 80D19CCE29EB77AE008E20C9 /* ProfileLight.png */; };
		80D19CD429EB7C81008E20C9 /* AuthScreen.png in Resources */ = {isa = PBXBuildFile; fileRef = 80D19CD329EB7C81008E20C9 /* AuthScreen.png */; };
		80D19CD629EB7E29008E20C9 /* SearchGif.gif in Resources */ = {isa = PBXBuildFile; fileRef = 80D19CD529EB7E29008E20C9 /* SearchGif.gif */; };
		80D19CD829EB8058008E20C9 /* SearchScreen.png in Resources */ = {isa = PBXBuildFile; fileRef = 80D19CD729EB8058008E20C9 /* SearchScreen.png */; };
		80DD04EB29E838E800090C94 /* CategoryScrollView.swift in Sources */ = {isa = PBXBuildFile; fileRef = 80DD04EA29E838E800090C94 /* CategoryScrollView.swift */; };
		80F22DC729E1FE6800F3C659 /* PhotoPickerMethodView.swift in Sources */ = {isa = PBXBuildFile; fileRef = 80F22DC629E1FE6800F3C659 /* PhotoPickerMethodView.swift */; };
		80FBE9C129E2A4EC00849E13 /* GoogleButton.swift in Sources */ = {isa = PBXBuildFile; fileRef = 80FBE9C029E2A4EB00849E13 /* GoogleButton.swift */; };
		80FBE9C329E2AF1600849E13 /* UIViewController + Extension.swift in Sources */ = {isa = PBXBuildFile; fileRef = 80FBE9C229E2AF1600849E13 /* UIViewController + Extension.swift */; };
		80FBE9C929E3234200849E13 /* ImageNetworkLoaderManager.swift in Sources */ = {isa = PBXBuildFile; fileRef = 80FBE9C829E3234200849E13 /* ImageNetworkLoaderManager.swift */; };
		80FBE9CD29E3613100849E13 /* HeaderSectionView.swift in Sources */ = {isa = PBXBuildFile; fileRef = 80FBE9CC29E3613100849E13 /* HeaderSectionView.swift */; };
		80FBE9D229E3692600849E13 /* SettingsSection.swift in Sources */ = {isa = PBXBuildFile; fileRef = 80FBE9D129E3692600849E13 /* SettingsSection.swift */; };
		C57B47C129DF2C5A0005A3FD /* UIScrollView + Extension.swift in Sources */ = {isa = PBXBuildFile; fileRef = C57B47C029DF2C5A0005A3FD /* UIScrollView + Extension.swift */; };
		C57B47C329E0612C0005A3FD /* OnboardingView.swift in Sources */ = {isa = PBXBuildFile; fileRef = C57B47C229E0612C0005A3FD /* OnboardingView.swift */; };
		E5C1401929E56F32009E5C05 /* FilterPopupView.swift in Sources */ = {isa = PBXBuildFile; fileRef = E5C1401829E56F32009E5C05 /* FilterPopupView.swift */; };
		E5C1401B29E597CE009E5C05 /* StarButton.swift in Sources */ = {isa = PBXBuildFile; fileRef = E5C1401A29E597CE009E5C05 /* StarButton.swift */; };
		E5C1401D29E5A6B3009E5C05 /* CategoryButton.swift in Sources */ = {isa = PBXBuildFile; fileRef = E5C1401C29E5A6B3009E5C05 /* CategoryButton.swift */; };
/* End PBXBuildFile section */

/* Begin PBXFileReference section */
		1E55F50329DC60E900CE4C5B /* JSONDecoderManager.swift */ = {isa = PBXFileReference; fileEncoding = 4; lastKnownFileType = sourcecode.swift; path = JSONDecoderManager.swift; sourceTree = "<group>"; };
		1E55F50429DC60E900CE4C5B /* NetworkManager.swift */ = {isa = PBXFileReference; fileEncoding = 4; lastKnownFileType = sourcecode.swift; path = NetworkManager.swift; sourceTree = "<group>"; };
		1E55F50729DC61D500CE4C5B /* APIKey.swift */ = {isa = PBXFileReference; lastKnownFileType = sourcecode.swift; path = APIKey.swift; sourceTree = "<group>"; };
		1E55F50929DC690C00CE4C5B /* MoviesModelResponse.swift */ = {isa = PBXFileReference; lastKnownFileType = sourcecode.swift; path = MoviesModelResponse.swift; sourceTree = "<group>"; };
		1E55F50B29DC6DC200CE4C5B /* MovieDetail.swift */ = {isa = PBXFileReference; lastKnownFileType = sourcecode.swift; path = MovieDetail.swift; sourceTree = "<group>"; };
		286DD87229E1752800F201F2 /* CastAndCrew.swift */ = {isa = PBXFileReference; lastKnownFileType = sourcecode.swift; path = CastAndCrew.swift; sourceTree = "<group>"; };
		286DD87429E1A8E400F201F2 /* MovieVideoModel.swift */ = {isa = PBXFileReference; lastKnownFileType = sourcecode.swift; path = MovieVideoModel.swift; sourceTree = "<group>"; };
		5766F36E29E81CE1001535E4 /* TVDetailsViewController.swift */ = {isa = PBXFileReference; lastKnownFileType = sourcecode.swift; path = TVDetailsViewController.swift; sourceTree = "<group>"; };
		57CD4F2229DCAC12004B73F4 /* MovieTableViewCell.swift */ = {isa = PBXFileReference; lastKnownFileType = sourcecode.swift; path = MovieTableViewCell.swift; sourceTree = "<group>"; };
		57D5C9E629DE05DF00C99198 /* MovieCollectionViewCell.swift */ = {isa = PBXFileReference; lastKnownFileType = sourcecode.swift; path = MovieCollectionViewCell.swift; sourceTree = "<group>"; };
		57F9311729E0BC01009D9666 /* CollectionReusableViewHeader.swift */ = {isa = PBXFileReference; lastKnownFileType = sourcecode.swift; path = CollectionReusableViewHeader.swift; sourceTree = "<group>"; };
		80182A8329DF5A43002B99DD /* TransformView.swift */ = {isa = PBXFileReference; lastKnownFileType = sourcecode.swift; path = TransformView.swift; sourceTree = "<group>"; };
		80182A8529DF5A59002B99DD /* CGFloat + Extension.swift */ = {isa = PBXFileReference; lastKnownFileType = sourcecode.swift; path = "CGFloat + Extension.swift"; sourceTree = "<group>"; };
		803898C729DC7BC900103156 /* SignInViewController.swift */ = {isa = PBXFileReference; fileEncoding = 4; lastKnownFileType = sourcecode.swift; path = SignInViewController.swift; sourceTree = "<group>"; };
		804CB41429DC73C000955FA9 /* DontHaveAccButton.swift */ = {isa = PBXFileReference; fileEncoding = 4; lastKnownFileType = sourcecode.swift; path = DontHaveAccButton.swift; sourceTree = "<group>"; };
		804CB41529DC73C000955FA9 /* AppTextField.swift */ = {isa = PBXFileReference; fileEncoding = 4; lastKnownFileType = sourcecode.swift; path = AppTextField.swift; sourceTree = "<group>"; };
		804CB41629DC73C000955FA9 /* CustomLabel.swift */ = {isa = PBXFileReference; fileEncoding = 4; lastKnownFileType = sourcecode.swift; path = CustomLabel.swift; sourceTree = "<group>"; };
		804CB41A29DC740700955FA9 /* HapticsManager.swift */ = {isa = PBXFileReference; fileEncoding = 4; lastKnownFileType = sourcecode.swift; path = HapticsManager.swift; sourceTree = "<group>"; };
		8058C56B29E09A9C003C4757 /* SettingsViewController.swift */ = {isa = PBXFileReference; lastKnownFileType = sourcecode.swift; path = SettingsViewController.swift; sourceTree = "<group>"; };
		8058C56D29E09D90003C4757 /* ChangePasswordViewController.swift */ = {isa = PBXFileReference; lastKnownFileType = sourcecode.swift; path = ChangePasswordViewController.swift; sourceTree = "<group>"; };
		806231AB29E556C1003B8CE4 /* DetailCollectionViewCell.swift */ = {isa = PBXFileReference; fileEncoding = 4; lastKnownFileType = sourcecode.swift; path = DetailCollectionViewCell.swift; sourceTree = "<group>"; };
		806231AD29E556E2003B8CE4 /* MovieSearchTextField.swift */ = {isa = PBXFileReference; fileEncoding = 4; lastKnownFileType = sourcecode.swift; path = MovieSearchTextField.swift; sourceTree = "<group>"; };
		8079B4E629E71A62005E00A9 /* TVDetail.swift */ = {isa = PBXFileReference; lastKnownFileType = sourcecode.swift; path = TVDetail.swift; sourceTree = "<group>"; };
		8079B4E829E71DE4005E00A9 /* TVModel.swift */ = {isa = PBXFileReference; lastKnownFileType = sourcecode.swift; path = TVModel.swift; sourceTree = "<group>"; };
		8081199829E00A5A001A0E4A /* UIStackView + Extension.swift */ = {isa = PBXFileReference; lastKnownFileType = sourcecode.swift; path = "UIStackView + Extension.swift"; sourceTree = "<group>"; };
		8081199A29E00A82001A0E4A /* UILabel + Extension.swift */ = {isa = PBXFileReference; lastKnownFileType = sourcecode.swift; path = "UILabel + Extension.swift"; sourceTree = "<group>"; };
		8081199C29E00ADD001A0E4A /* UIView + Extension.swift */ = {isa = PBXFileReference; lastKnownFileType = sourcecode.swift; path = "UIView + Extension.swift"; sourceTree = "<group>"; };
		808119A229E03517001A0E4A /* GenderButton.swift */ = {isa = PBXFileReference; lastKnownFileType = sourcecode.swift; path = GenderButton.swift; sourceTree = "<group>"; };
		808E8CBC29DAC186003DD106 /* UIColor + Extension.swift */ = {isa = PBXFileReference; lastKnownFileType = sourcecode.swift; path = "UIColor + Extension.swift"; sourceTree = "<group>"; };
		808E8CBE29DAC998003DD106 /* README.md */ = {isa = PBXFileReference; fileEncoding = 4; lastKnownFileType = net.daringfireball.markdown; path = README.md; sourceTree = "<group>"; };
		808E8CC029DAC9E8003DD106 /* HomeViewController.swift */ = {isa = PBXFileReference; lastKnownFileType = sourcecode.swift; path = HomeViewController.swift; sourceTree = "<group>"; };
		808E8CC329DACA44003DD106 /* SignUpViewController.swift */ = {isa = PBXFileReference; lastKnownFileType = sourcecode.swift; path = SignUpViewController.swift; sourceTree = "<group>"; };
		808E8CC629DB07B9003DD106 /* BlueButton.swift */ = {isa = PBXFileReference; lastKnownFileType = sourcecode.swift; path = BlueButton.swift; sourceTree = "<group>"; };
		809BD0C629E1FC6800002069 /* PhotoPickerView.swift */ = {isa = PBXFileReference; lastKnownFileType = sourcecode.swift; path = PhotoPickerView.swift; sourceTree = "<group>"; };
		809FE97329DD7E74007EAF7A /* AuthError.swift */ = {isa = PBXFileReference; lastKnownFileType = sourcecode.swift; path = AuthError.swift; sourceTree = "<group>"; };
		809FE97529DD7FAE007EAF7A /* MovieUser.swift */ = {isa = PBXFileReference; lastKnownFileType = sourcecode.swift; path = MovieUser.swift; sourceTree = "<group>"; };
		809FE97729DD8B92007EAF7A /* GoogleService-Info.plist */ = {isa = PBXFileReference; fileEncoding = 4; lastKnownFileType = text.plist.xml; path = "GoogleService-Info.plist"; sourceTree = "<group>"; };
		809FE97A29DD8F3E007EAF7A /* UIAlertController+ Extension.swift */ = {isa = PBXFileReference; lastKnownFileType = sourcecode.swift; path = "UIAlertController+ Extension.swift"; sourceTree = "<group>"; };
		80A2E61229E56122001AF7C6 /* UserModel.swift */ = {isa = PBXFileReference; fileEncoding = 4; lastKnownFileType = sourcecode.swift; path = UserModel.swift; sourceTree = "<group>"; };
		80A2E61529E56A64001AF7C6 /* MovieModel.swift */ = {isa = PBXFileReference; lastKnownFileType = sourcecode.swift; path = MovieModel.swift; sourceTree = "<group>"; };
		80AD556B29D7884A00A8F1C3 /* MovieMood.app */ = {isa = PBXFileReference; explicitFileType = wrapper.application; includeInIndex = 0; path = MovieMood.app; sourceTree = BUILT_PRODUCTS_DIR; };
		80AD556E29D7884A00A8F1C3 /* AppDelegate.swift */ = {isa = PBXFileReference; lastKnownFileType = sourcecode.swift; path = AppDelegate.swift; sourceTree = "<group>"; };
		80AD557229D7884A00A8F1C3 /* MainTabBarController.swift */ = {isa = PBXFileReference; lastKnownFileType = sourcecode.swift; path = MainTabBarController.swift; sourceTree = "<group>"; };
		80AD557729D7884C00A8F1C3 /* Assets.xcassets */ = {isa = PBXFileReference; lastKnownFileType = folder.assetcatalog; path = Assets.xcassets; sourceTree = "<group>"; };
		80AD557A29D7884C00A8F1C3 /* Base */ = {isa = PBXFileReference; lastKnownFileType = file.storyboard; name = Base; path = Base.lproj/LaunchScreen.storyboard; sourceTree = "<group>"; };
		80AD557C29D7884C00A8F1C3 /* Info.plist */ = {isa = PBXFileReference; lastKnownFileType = text.plist.xml; path = Info.plist; sourceTree = "<group>"; };
		80AD558A29D7894A00A8F1C3 /* AuthManager.swift */ = {isa = PBXFileReference; lastKnownFileType = sourcecode.swift; path = AuthManager.swift; sourceTree = "<group>"; };
		80AD558E29D78AAF00A8F1C3 /* OnboardingViewController.swift */ = {isa = PBXFileReference; lastKnownFileType = sourcecode.swift; path = OnboardingViewController.swift; sourceTree = "<group>"; };
		80AD559029D78ACF00A8F1C3 /* AuthViewController.swift */ = {isa = PBXFileReference; lastKnownFileType = sourcecode.swift; path = AuthViewController.swift; sourceTree = "<group>"; };
		80AD559229D78B2500A8F1C3 /* ProfileViewController.swift */ = {isa = PBXFileReference; lastKnownFileType = sourcecode.swift; path = ProfileViewController.swift; sourceTree = "<group>"; };
		80AD559429D78B4500A8F1C3 /* SearchViewController.swift */ = {isa = PBXFileReference; lastKnownFileType = sourcecode.swift; path = SearchViewController.swift; sourceTree = "<group>"; };
		80AD559629D78B6C00A8F1C3 /* FavoriteViewController.swift */ = {isa = PBXFileReference; lastKnownFileType = sourcecode.swift; path = FavoriteViewController.swift; sourceTree = "<group>"; };
		80AD559829D78BAD00A8F1C3 /* DetailViewController.swift */ = {isa = PBXFileReference; lastKnownFileType = sourcecode.swift; path = DetailViewController.swift; sourceTree = "<group>"; };
		80AD559A29D78BDF00A8F1C3 /* HistoryViewController.swift */ = {isa = PBXFileReference; lastKnownFileType = sourcecode.swift; path = HistoryViewController.swift; sourceTree = "<group>"; };
		80AD559C29D78C0500A8F1C3 /* RealmManager.swift */ = {isa = PBXFileReference; lastKnownFileType = sourcecode.swift; path = RealmManager.swift; sourceTree = "<group>"; };
		80AD559E29D78C1B00A8F1C3 /* ApiManager.swift */ = {isa = PBXFileReference; lastKnownFileType = sourcecode.swift; path = ApiManager.swift; sourceTree = "<group>"; };
		80D0DDB629E43EA300C68B93 /* SettingTableViewCell.swift */ = {isa = PBXFileReference; fileEncoding = 4; lastKnownFileType = sourcecode.swift; path = SettingTableViewCell.swift; sourceTree = "<group>"; };
		80D19C9829EB62C4008E20C9 /* UIResponder + Extension.swift */ = {isa = PBXFileReference; lastKnownFileType = sourcecode.swift; path = "UIResponder + Extension.swift"; sourceTree = "<group>"; };
		80D19CB629EB6D39008E20C9 /* RecentScreen.png */ = {isa = PBXFileReference; lastKnownFileType = image.png; path = RecentScreen.png; sourceTree = "<group>"; };
		80D19CB729EB6D39008E20C9 /* FavoritesScreen.png */ = {isa = PBXFileReference; lastKnownFileType = image.png; path = FavoritesScreen.png; sourceTree = "<group>"; };
		80D19CBD29EB6D3A008E20C9 /* HomeScreen.png */ = {isa = PBXFileReference; lastKnownFileType = image.png; path = HomeScreen.png; sourceTree = "<group>"; };
		80D19CC729EB73D4008E20C9 /* HomeScreenDark.png */ = {isa = PBXFileReference; lastKnownFileType = image.png; path = HomeScreenDark.png; sourceTree = "<group>"; };
		80D19CCB29EB76E9008E20C9 /* HomeGif.gif */ = {isa = PBXFileReference; lastKnownFileType = image.gif; path = HomeGif.gif; sourceTree = "<group>"; };
		80D19CCD29EB77AE008E20C9 /* ProfileDark.png */ = {isa = PBXFileReference; lastKnownFileType = image.png; path = ProfileDark.png; sourceTree = "<group>"; };
		80D19CCE29EB77AE008E20C9 /* ProfileLight.png */ = {isa = PBXFileReference; lastKnownFileType = image.png; path = ProfileLight.png; sourceTree = "<group>"; };
		80D19CD329EB7C81008E20C9 /* AuthScreen.png */ = {isa = PBXFileReference; lastKnownFileType = image.png; path = AuthScreen.png; sourceTree = "<group>"; };
		80D19CD529EB7E29008E20C9 /* SearchGif.gif */ = {isa = PBXFileReference; lastKnownFileType = image.gif; path = SearchGif.gif; sourceTree = "<group>"; };
		80D19CD729EB8058008E20C9 /* SearchScreen.png */ = {isa = PBXFileReference; lastKnownFileType = image.png; path = SearchScreen.png; sourceTree = "<group>"; };
		80DD04EA29E838E800090C94 /* CategoryScrollView.swift */ = {isa = PBXFileReference; lastKnownFileType = sourcecode.swift; path = CategoryScrollView.swift; sourceTree = "<group>"; };
		80F22DC629E1FE6800F3C659 /* PhotoPickerMethodView.swift */ = {isa = PBXFileReference; lastKnownFileType = sourcecode.swift; path = PhotoPickerMethodView.swift; sourceTree = "<group>"; };
		80FBE9C029E2A4EB00849E13 /* GoogleButton.swift */ = {isa = PBXFileReference; lastKnownFileType = sourcecode.swift; path = GoogleButton.swift; sourceTree = "<group>"; };
		80FBE9C229E2AF1600849E13 /* UIViewController + Extension.swift */ = {isa = PBXFileReference; lastKnownFileType = sourcecode.swift; path = "UIViewController + Extension.swift"; sourceTree = "<group>"; };
		80FBE9C829E3234200849E13 /* ImageNetworkLoaderManager.swift */ = {isa = PBXFileReference; lastKnownFileType = sourcecode.swift; path = ImageNetworkLoaderManager.swift; sourceTree = "<group>"; };
		80FBE9CC29E3613100849E13 /* HeaderSectionView.swift */ = {isa = PBXFileReference; fileEncoding = 4; lastKnownFileType = sourcecode.swift; name = HeaderSectionView.swift; path = MovieMood/Views/Views/HeaderSectionView.swift; sourceTree = SOURCE_ROOT; };
		80FBE9D129E3692600849E13 /* SettingsSection.swift */ = {isa = PBXFileReference; lastKnownFileType = sourcecode.swift; path = SettingsSection.swift; sourceTree = "<group>"; };
		C57B47C029DF2C5A0005A3FD /* UIScrollView + Extension.swift */ = {isa = PBXFileReference; lastKnownFileType = sourcecode.swift; path = "UIScrollView + Extension.swift"; sourceTree = "<group>"; };
		C57B47C229E0612C0005A3FD /* OnboardingView.swift */ = {isa = PBXFileReference; lastKnownFileType = sourcecode.swift; path = OnboardingView.swift; sourceTree = "<group>"; };
		E5C1401829E56F32009E5C05 /* FilterPopupView.swift */ = {isa = PBXFileReference; lastKnownFileType = sourcecode.swift; path = FilterPopupView.swift; sourceTree = "<group>"; };
		E5C1401A29E597CE009E5C05 /* StarButton.swift */ = {isa = PBXFileReference; lastKnownFileType = sourcecode.swift; path = StarButton.swift; sourceTree = "<group>"; };
		E5C1401C29E5A6B3009E5C05 /* CategoryButton.swift */ = {isa = PBXFileReference; lastKnownFileType = sourcecode.swift; path = CategoryButton.swift; sourceTree = "<group>"; };
/* End PBXFileReference section */

/* Begin PBXFrameworksBuildPhase section */
		80AD556829D7884A00A8F1C3 /* Frameworks */ = {
			isa = PBXFrameworksBuildPhase;
			buildActionMask = 2147483647;
			files = (
				80A2E61129E560C3001AF7C6 /* RealmSwift in Frameworks */,
				804CB41229DC730000955FA9 /* SDWebImage in Frameworks */,
				8021866929DD7D660078D701 /* FirebaseAuth in Frameworks */,
				804CB41129DC730000955FA9 /* GoogleSignInSwift in Frameworks */,
			);
			runOnlyForDeploymentPostprocessing = 0;
		};
/* End PBXFrameworksBuildPhase section */

/* Begin PBXGroup section */
		8058C56729E09A43003C4757 /* Buttons */ = {
			isa = PBXGroup;
			children = (
				808E8CC629DB07B9003DD106 /* BlueButton.swift */,
				804CB41429DC73C000955FA9 /* DontHaveAccButton.swift */,
				808119A229E03517001A0E4A /* GenderButton.swift */,
				80FBE9C029E2A4EB00849E13 /* GoogleButton.swift */,
				E5C1401A29E597CE009E5C05 /* StarButton.swift */,
				E5C1401C29E5A6B3009E5C05 /* CategoryButton.swift */,
			);
			path = Buttons;
			sourceTree = "<group>";
		};
		8058C56829E09A57003C4757 /* TextFields */ = {
			isa = PBXGroup;
			children = (
				806231AD29E556E2003B8CE4 /* MovieSearchTextField.swift */,
				804CB41529DC73C000955FA9 /* AppTextField.swift */,
			);
			path = TextFields;
			sourceTree = "<group>";
		};
		8058C56929E09A6D003C4757 /* Views */ = {
			isa = PBXGroup;
			children = (
				C57B47C229E0612C0005A3FD /* OnboardingView.swift */,
				80182A8329DF5A43002B99DD /* TransformView.swift */,
				809BD0C629E1FC6800002069 /* PhotoPickerView.swift */,
				80F22DC629E1FE6800F3C659 /* PhotoPickerMethodView.swift */,
				E5C1401829E56F32009E5C05 /* FilterPopupView.swift */,
			);
			path = Views;
			sourceTree = "<group>";
		};
		8058C56A29E09A76003C4757 /* Any */ = {
			isa = PBXGroup;
			children = (
				80FBE9CC29E3613100849E13 /* HeaderSectionView.swift */,
				80AD557929D7884C00A8F1C3 /* LaunchScreen.storyboard */,
				804CB41629DC73C000955FA9 /* CustomLabel.swift */,
				57F9311729E0BC01009D9666 /* CollectionReusableViewHeader.swift */,
			);
			path = Any;
			sourceTree = "<group>";
		};
		8066744129E5385600881DD9 /* Movie */ = {
			isa = PBXGroup;
			children = (
				1E55F50929DC690C00CE4C5B /* MoviesModelResponse.swift */,
				1E55F50B29DC6DC200CE4C5B /* MovieDetail.swift */,
				286DD87229E1752800F201F2 /* CastAndCrew.swift */,
				286DD87429E1A8E400F201F2 /* MovieVideoModel.swift */,
			);
			path = Movie;
			sourceTree = "<group>";
		};
		8066744229E5386800881DD9 /* User */ = {
			isa = PBXGroup;
			children = (
				809FE97329DD7E74007EAF7A /* AuthError.swift */,
				809FE97529DD7FAE007EAF7A /* MovieUser.swift */,
			);
			path = User;
			sourceTree = "<group>";
		};
		8066744629E53F3300881DD9 /* Network */ = {
			isa = PBXGroup;
			children = (
				1E55F50729DC61D500CE4C5B /* APIKey.swift */,
				80AD559E29D78C1B00A8F1C3 /* ApiManager.swift */,
				1E55F50329DC60E900CE4C5B /* JSONDecoderManager.swift */,
				1E55F50429DC60E900CE4C5B /* NetworkManager.swift */,
				80FBE9C829E3234200849E13 /* ImageNetworkLoaderManager.swift */,
			);
			path = Network;
			sourceTree = "<group>";
		};
		8079B4E529E71A38005E00A9 /* TV */ = {
			isa = PBXGroup;
			children = (
				8079B4E629E71A62005E00A9 /* TVDetail.swift */,
				8079B4E829E71DE4005E00A9 /* TVModel.swift */,
			);
			path = TV;
			sourceTree = "<group>";
		};
		8081199529E008A2001A0E4A /* Cells */ = {
			isa = PBXGroup;
			children = (
				80D0DDB629E43EA300C68B93 /* SettingTableViewCell.swift */,
				806231AB29E556C1003B8CE4 /* DetailCollectionViewCell.swift */,
				57CD4F2229DCAC12004B73F4 /* MovieTableViewCell.swift */,
				57D5C9E629DE05DF00C99198 /* MovieCollectionViewCell.swift */,
			);
			path = Cells;
			sourceTree = "<group>";
		};
		808E8CBA29DAC173003DD106 /* Extensions */ = {
			isa = PBXGroup;
			children = (
				808E8CBB29DAC17C003DD106 /* UIKit */,
			);
			path = Extensions;
			sourceTree = "<group>";
		};
		808E8CBB29DAC17C003DD106 /* UIKit */ = {
			isa = PBXGroup;
			children = (
				808E8CBC29DAC186003DD106 /* UIColor + Extension.swift */,
				C57B47C029DF2C5A0005A3FD /* UIScrollView + Extension.swift */,
				809FE97A29DD8F3E007EAF7A /* UIAlertController+ Extension.swift */,
				80182A8529DF5A59002B99DD /* CGFloat + Extension.swift */,
				8081199829E00A5A001A0E4A /* UIStackView + Extension.swift */,
				8081199A29E00A82001A0E4A /* UILabel + Extension.swift */,
				8081199C29E00ADD001A0E4A /* UIView + Extension.swift */,
				80FBE9C229E2AF1600849E13 /* UIViewController + Extension.swift */,
				80D19C9829EB62C4008E20C9 /* UIResponder + Extension.swift */,
			);
			path = UIKit;
			sourceTree = "<group>";
		};
		808E8CC229DACA0C003DD106 /* Other */ = {
			isa = PBXGroup;
			children = (
				80AD559229D78B2500A8F1C3 /* ProfileViewController.swift */,
				80AD558E29D78AAF00A8F1C3 /* OnboardingViewController.swift */,
				80AD559029D78ACF00A8F1C3 /* AuthViewController.swift */,
				80AD559829D78BAD00A8F1C3 /* DetailViewController.swift */,
				5766F36E29E81CE1001535E4 /* TVDetailsViewController.swift */,
				803898C729DC7BC900103156 /* SignInViewController.swift */,
				808E8CC329DACA44003DD106 /* SignUpViewController.swift */,
				8058C56D29E09D90003C4757 /* ChangePasswordViewController.swift */,
			);
			path = Other;
			sourceTree = "<group>";
		};
		80A2E61429E56A51001AF7C6 /* Realm */ = {
			isa = PBXGroup;
			children = (
				80A2E61229E56122001AF7C6 /* UserModel.swift */,
				80A2E61529E56A64001AF7C6 /* MovieModel.swift */,
			);
			path = Realm;
			sourceTree = "<group>";
		};
		80AD556229D7884A00A8F1C3 = {
			isa = PBXGroup;
			children = (
				808E8CBE29DAC998003DD106 /* README.md */,
				80D19C9A29EB6B76008E20C9 /* ReadmeResources */,
				80AD556D29D7884A00A8F1C3 /* MovieMood */,
				80AD556C29D7884A00A8F1C3 /* Products */,
			);
			sourceTree = "<group>";
		};
		80AD556C29D7884A00A8F1C3 /* Products */ = {
			isa = PBXGroup;
			children = (
				80AD556B29D7884A00A8F1C3 /* MovieMood.app */,
			);
			name = Products;
			sourceTree = "<group>";
		};
		80AD556D29D7884A00A8F1C3 /* MovieMood */ = {
			isa = PBXGroup;
			children = (
				80AD558729D788A800A8F1C3 /* App */,
				80AD558629D788A400A8F1C3 /* Services */,
				80AD558529D788A100A8F1C3 /* Models */,
				80AD558429D7889D00A8F1C3 /* Views */,
				80AD558329D7889700A8F1C3 /* Controllers */,
				808E8CBA29DAC173003DD106 /* Extensions */,
				80AD558229D7889000A8F1C3 /* Resources */,
			);
			path = MovieMood;
			sourceTree = "<group>";
		};
		80AD558229D7889000A8F1C3 /* Resources */ = {
			isa = PBXGroup;
			children = (
				809FE97729DD8B92007EAF7A /* GoogleService-Info.plist */,
				80AD557729D7884C00A8F1C3 /* Assets.xcassets */,
				80AD557C29D7884C00A8F1C3 /* Info.plist */,
			);
			path = Resources;
			sourceTree = "<group>";
		};
		80AD558329D7889700A8F1C3 /* Controllers */ = {
			isa = PBXGroup;
			children = (
				80AD558829D788D900A8F1C3 /* Core */,
				808E8CC229DACA0C003DD106 /* Other */,
			);
			path = Controllers;
			sourceTree = "<group>";
		};
		80AD558429D7889D00A8F1C3 /* Views */ = {
			isa = PBXGroup;
			children = (
				80DD04E929E838D000090C94 /* ScrollViews */,
				8058C56A29E09A76003C4757 /* Any */,
				8058C56929E09A6D003C4757 /* Views */,
				8058C56829E09A57003C4757 /* TextFields */,
				8058C56729E09A43003C4757 /* Buttons */,
				8081199529E008A2001A0E4A /* Cells */,
			);
			path = Views;
			sourceTree = "<group>";
		};
		80AD558529D788A100A8F1C3 /* Models */ = {
			isa = PBXGroup;
			children = (
				80A2E61429E56A51001AF7C6 /* Realm */,
				8066744229E5386800881DD9 /* User */,
				8079B4E529E71A38005E00A9 /* TV */,
				8066744129E5385600881DD9 /* Movie */,
				80FBE9D129E3692600849E13 /* SettingsSection.swift */,
			);
			path = Models;
			sourceTree = "<group>";
		};
		80AD558629D788A400A8F1C3 /* Services */ = {
			isa = PBXGroup;
			children = (
				8066744629E53F3300881DD9 /* Network */,
				80AD558A29D7894A00A8F1C3 /* AuthManager.swift */,
				80AD559C29D78C0500A8F1C3 /* RealmManager.swift */,
				804CB41A29DC740700955FA9 /* HapticsManager.swift */,
			);
			path = Services;
			sourceTree = "<group>";
		};
		80AD558729D788A800A8F1C3 /* App */ = {
			isa = PBXGroup;
			children = (
				80AD556E29D7884A00A8F1C3 /* AppDelegate.swift */,
			);
			path = App;
			sourceTree = "<group>";
		};
		80AD558829D788D900A8F1C3 /* Core */ = {
			isa = PBXGroup;
			children = (
				80AD557229D7884A00A8F1C3 /* MainTabBarController.swift */,
				80AD559429D78B4500A8F1C3 /* SearchViewController.swift */,
				80AD559A29D78BDF00A8F1C3 /* HistoryViewController.swift */,
				808E8CC029DAC9E8003DD106 /* HomeViewController.swift */,
				80AD559629D78B6C00A8F1C3 /* FavoriteViewController.swift */,
				8058C56B29E09A9C003C4757 /* SettingsViewController.swift */,
			);
			path = Core;
			sourceTree = "<group>";
		};
		80D19C9A29EB6B76008E20C9 /* ReadmeResources */ = {
			isa = PBXGroup;
			children = (
				80D19CD729EB8058008E20C9 /* SearchScreen.png */,
				80D19CD529EB7E29008E20C9 /* SearchGif.gif */,
				80D19CD329EB7C81008E20C9 /* AuthScreen.png */,
				80D19CCD29EB77AE008E20C9 /* ProfileDark.png */,
				80D19CCE29EB77AE008E20C9 /* ProfileLight.png */,
				80D19CCB29EB76E9008E20C9 /* HomeGif.gif */,
				80D19CC729EB73D4008E20C9 /* HomeScreenDark.png */,
				80D19CB729EB6D39008E20C9 /* FavoritesScreen.png */,
				80D19CBD29EB6D3A008E20C9 /* HomeScreen.png */,
				80D19CB629EB6D39008E20C9 /* RecentScreen.png */,
			);
			path = ReadmeResources;
			sourceTree = "<group>";
		};
		80DD04E929E838D000090C94 /* ScrollViews */ = {
			isa = PBXGroup;
			children = (
				80DD04EA29E838E800090C94 /* CategoryScrollView.swift */,
			);
			path = ScrollViews;
			sourceTree = "<group>";
		};
/* End PBXGroup section */

/* Begin PBXNativeTarget section */
		80AD556A29D7884A00A8F1C3 /* MovieMood */ = {
			isa = PBXNativeTarget;
			buildConfigurationList = 80AD557F29D7884C00A8F1C3 /* Build configuration list for PBXNativeTarget "MovieMood" */;
			buildPhases = (
				80AD556729D7884A00A8F1C3 /* Sources */,
				80AD556829D7884A00A8F1C3 /* Frameworks */,
				80AD556929D7884A00A8F1C3 /* Resources */,
			);
			buildRules = (
			);
			dependencies = (
			);
			name = MovieMood;
			packageProductDependencies = (
				804CB40929DC6F1700955FA9 /* GoogleSignInSwift */,
				804CB40C29DC6F3D00955FA9 /* SDWebImage */,
				8021866829DD7D660078D701 /* FirebaseAuth */,
				8066744429E53F2100881DD9 /* RealmSwift */,
			);
			productName = MovieMood;
			productReference = 80AD556B29D7884A00A8F1C3 /* MovieMood.app */;
			productType = "com.apple.product-type.application";
		};
/* End PBXNativeTarget section */

/* Begin PBXProject section */
		80AD556329D7884A00A8F1C3 /* Project object */ = {
			isa = PBXProject;
			attributes = {
				BuildIndependentTargetsInParallel = 1;
				LastSwiftUpdateCheck = 1420;
				LastUpgradeCheck = 1420;
				TargetAttributes = {
					80AD556A29D7884A00A8F1C3 = {
						CreatedOnToolsVersion = 14.2;
					};
				};
			};
			buildConfigurationList = 80AD556629D7884A00A8F1C3 /* Build configuration list for PBXProject "MovieMood" */;
			compatibilityVersion = "Xcode 14.0";
			developmentRegion = en;
			hasScannedForEncodings = 0;
			knownRegions = (
				en,
				Base,
			);
			mainGroup = 80AD556229D7884A00A8F1C3;
			packageReferences = (
				804CB40829DC6F1700955FA9 /* XCRemoteSwiftPackageReference "GoogleSignIn-iOS" */,
				804CB40B29DC6F3D00955FA9 /* XCRemoteSwiftPackageReference "SDWebImage" */,
				8021866729DD7D660078D701 /* XCRemoteSwiftPackageReference "firebase-ios-sdk" */,
				8066744329E53F2100881DD9 /* XCRemoteSwiftPackageReference "realm-swift" */,
			);
			productRefGroup = 80AD556C29D7884A00A8F1C3 /* Products */;
			projectDirPath = "";
			projectRoot = "";
			targets = (
				80AD556A29D7884A00A8F1C3 /* MovieMood */,
			);
		};
/* End PBXProject section */

/* Begin PBXResourcesBuildPhase section */
		80AD556929D7884A00A8F1C3 /* Resources */ = {
			isa = PBXResourcesBuildPhase;
			buildActionMask = 2147483647;
			files = (
				80D19CC829EB73D4008E20C9 /* HomeScreenDark.png in Resources */,
				80D19CC629EB6D3B008E20C9 /* HomeScreen.png in Resources */,
				80D19CBF29EB6D3B008E20C9 /* RecentScreen.png in Resources */,
				80D19CC029EB6D3B008E20C9 /* FavoritesScreen.png in Resources */,
				808E8CBF29DAC998003DD106 /* README.md in Resources */,
				809FE97829DD8B92007EAF7A /* GoogleService-Info.plist in Resources */,
				80AD557B29D7884C00A8F1C3 /* LaunchScreen.storyboard in Resources */,
				80D19CCC29EB76EA008E20C9 /* HomeGif.gif in Resources */,
				80D19CD029EB77AE008E20C9 /* ProfileLight.png in Resources */,
				80D19CD429EB7C81008E20C9 /* AuthScreen.png in Resources */,
				80D19CCF29EB77AE008E20C9 /* ProfileDark.png in Resources */,
				80D19CD829EB8058008E20C9 /* SearchScreen.png in Resources */,
				80AD557829D7884C00A8F1C3 /* Assets.xcassets in Resources */,
				80D19CD629EB7E29008E20C9 /* SearchGif.gif in Resources */,
			);
			runOnlyForDeploymentPostprocessing = 0;
		};
/* End PBXResourcesBuildPhase section */

/* Begin PBXSourcesBuildPhase section */
		80AD556729D7884A00A8F1C3 /* Sources */ = {
			isa = PBXSourcesBuildPhase;
			buildActionMask = 2147483647;
			files = (
				1E55F50629DC60E900CE4C5B /* NetworkManager.swift in Sources */,
				1E55F50829DC61D500CE4C5B /* APIKey.swift in Sources */,
				80AD557329D7884A00A8F1C3 /* MainTabBarController.swift in Sources */,
				806231AE29E556E2003B8CE4 /* MovieSearchTextField.swift in Sources */,
				1E55F50529DC60E900CE4C5B /* JSONDecoderManager.swift in Sources */,
				80FBE9D229E3692600849E13 /* SettingsSection.swift in Sources */,
				80AD558B29D7894A00A8F1C3 /* AuthManager.swift in Sources */,
				80182A8429DF5A43002B99DD /* TransformView.swift in Sources */,
				1E55F50A29DC690C00CE4C5B /* MoviesModelResponse.swift in Sources */,
				8058C56C29E09A9C003C4757 /* SettingsViewController.swift in Sources */,
				80DD04EB29E838E800090C94 /* CategoryScrollView.swift in Sources */,
				804CB41829DC73C000955FA9 /* AppTextField.swift in Sources */,
				804CB41729DC73C000955FA9 /* DontHaveAccButton.swift in Sources */,
				E5C1401B29E597CE009E5C05 /* StarButton.swift in Sources */,
				80D0DDB729E43EA300C68B93 /* SettingTableViewCell.swift in Sources */,
				5766F36F29E81CE1001535E4 /* TVDetailsViewController.swift in Sources */,
				8079B4E729E71A62005E00A9 /* TVDetail.swift in Sources */,
				80AD559529D78B4500A8F1C3 /* SearchViewController.swift in Sources */,
				809FE97B29DD8F3E007EAF7A /* UIAlertController+ Extension.swift in Sources */,
				8081199929E00A5A001A0E4A /* UIStackView + Extension.swift in Sources */,
				804CB41B29DC740700955FA9 /* HapticsManager.swift in Sources */,
				808119A329E03517001A0E4A /* GenderButton.swift in Sources */,
				804CB41929DC73C000955FA9 /* CustomLabel.swift in Sources */,
				57F9311829E0BC01009D9666 /* CollectionReusableViewHeader.swift in Sources */,
				80A2E61629E56A64001AF7C6 /* MovieModel.swift in Sources */,
				80FBE9C929E3234200849E13 /* ImageNetworkLoaderManager.swift in Sources */,
				809BD0C729E1FC6800002069 /* PhotoPickerView.swift in Sources */,
				80AD558F29D78AAF00A8F1C3 /* OnboardingViewController.swift in Sources */,
				57CD4F2329DCAC12004B73F4 /* MovieTableViewCell.swift in Sources */,
				286DD87329E1752800F201F2 /* CastAndCrew.swift in Sources */,
				57D5C9E729DE05DF00C99198 /* MovieCollectionViewCell.swift in Sources */,
				1E55F50C29DC6DC200CE4C5B /* MovieDetail.swift in Sources */,
				806231AC29E556C1003B8CE4 /* DetailCollectionViewCell.swift in Sources */,
				80AD559729D78B6C00A8F1C3 /* FavoriteViewController.swift in Sources */,
				803898C829DC7BCA00103156 /* SignInViewController.swift in Sources */,
				80FBE9C129E2A4EC00849E13 /* GoogleButton.swift in Sources */,
				808E8CC129DAC9E8003DD106 /* HomeViewController.swift in Sources */,
				C57B47C329E0612C0005A3FD /* OnboardingView.swift in Sources */,
				C57B47C129DF2C5A0005A3FD /* UIScrollView + Extension.swift in Sources */,
				80A2E61329E56122001AF7C6 /* UserModel.swift in Sources */,
				80AD559D29D78C0500A8F1C3 /* RealmManager.swift in Sources */,
				8081199B29E00A82001A0E4A /* UILabel + Extension.swift in Sources */,
				8058C56E29E09D90003C4757 /* ChangePasswordViewController.swift in Sources */,
				80AD559B29D78BDF00A8F1C3 /* HistoryViewController.swift in Sources */,
				808E8CC729DB07B9003DD106 /* BlueButton.swift in Sources */,
				E5C1401929E56F32009E5C05 /* FilterPopupView.swift in Sources */,
				80182A8629DF5A59002B99DD /* CGFloat + Extension.swift in Sources */,
				808E8CBD29DAC186003DD106 /* UIColor + Extension.swift in Sources */,
				80D19C9929EB62C4008E20C9 /* UIResponder + Extension.swift in Sources */,
				808E8CC429DACA44003DD106 /* SignUpViewController.swift in Sources */,
				286DD87529E1A8E400F201F2 /* MovieVideoModel.swift in Sources */,
				8081199D29E00ADD001A0E4A /* UIView + Extension.swift in Sources */,
				809FE97429DD7E74007EAF7A /* AuthError.swift in Sources */,
				80FBE9C329E2AF1600849E13 /* UIViewController + Extension.swift in Sources */,
				E5C1401D29E5A6B3009E5C05 /* CategoryButton.swift in Sources */,
				8079B4E929E71DE4005E00A9 /* TVModel.swift in Sources */,
				80AD559F29D78C1B00A8F1C3 /* ApiManager.swift in Sources */,
				80AD559329D78B2500A8F1C3 /* ProfileViewController.swift in Sources */,
				80AD559929D78BAD00A8F1C3 /* DetailViewController.swift in Sources */,
				80AD559129D78ACF00A8F1C3 /* AuthViewController.swift in Sources */,
				80AD556F29D7884A00A8F1C3 /* AppDelegate.swift in Sources */,
				809FE97629DD7FAE007EAF7A /* MovieUser.swift in Sources */,
				80F22DC729E1FE6800F3C659 /* PhotoPickerMethodView.swift in Sources */,
				80FBE9CD29E3613100849E13 /* HeaderSectionView.swift in Sources */,
			);
			runOnlyForDeploymentPostprocessing = 0;
		};
/* End PBXSourcesBuildPhase section */

/* Begin PBXVariantGroup section */
		80AD557929D7884C00A8F1C3 /* LaunchScreen.storyboard */ = {
			isa = PBXVariantGroup;
			children = (
				80AD557A29D7884C00A8F1C3 /* Base */,
			);
			name = LaunchScreen.storyboard;
			sourceTree = "<group>";
		};
/* End PBXVariantGroup section */

/* Begin XCBuildConfiguration section */
		80AD557D29D7884C00A8F1C3 /* Debug */ = {
			isa = XCBuildConfiguration;
			buildSettings = {
				ALWAYS_SEARCH_USER_PATHS = NO;
				CLANG_ANALYZER_NONNULL = YES;
				CLANG_ANALYZER_NUMBER_OBJECT_CONVERSION = YES_AGGRESSIVE;
				CLANG_CXX_LANGUAGE_STANDARD = "gnu++20";
				CLANG_ENABLE_MODULES = YES;
				CLANG_ENABLE_OBJC_ARC = YES;
				CLANG_ENABLE_OBJC_WEAK = YES;
				CLANG_WARN_BLOCK_CAPTURE_AUTORELEASING = YES;
				CLANG_WARN_BOOL_CONVERSION = YES;
				CLANG_WARN_COMMA = YES;
				CLANG_WARN_CONSTANT_CONVERSION = YES;
				CLANG_WARN_DEPRECATED_OBJC_IMPLEMENTATIONS = YES;
				CLANG_WARN_DIRECT_OBJC_ISA_USAGE = YES_ERROR;
				CLANG_WARN_DOCUMENTATION_COMMENTS = YES;
				CLANG_WARN_EMPTY_BODY = YES;
				CLANG_WARN_ENUM_CONVERSION = YES;
				CLANG_WARN_INFINITE_RECURSION = YES;
				CLANG_WARN_INT_CONVERSION = YES;
				CLANG_WARN_NON_LITERAL_NULL_CONVERSION = YES;
				CLANG_WARN_OBJC_IMPLICIT_RETAIN_SELF = YES;
				CLANG_WARN_OBJC_LITERAL_CONVERSION = YES;
				CLANG_WARN_OBJC_ROOT_CLASS = YES_ERROR;
				CLANG_WARN_QUOTED_INCLUDE_IN_FRAMEWORK_HEADER = YES;
				CLANG_WARN_RANGE_LOOP_ANALYSIS = YES;
				CLANG_WARN_STRICT_PROTOTYPES = YES;
				CLANG_WARN_SUSPICIOUS_MOVE = YES;
				CLANG_WARN_UNGUARDED_AVAILABILITY = YES_AGGRESSIVE;
				CLANG_WARN_UNREACHABLE_CODE = YES;
				CLANG_WARN__DUPLICATE_METHOD_MATCH = YES;
				COPY_PHASE_STRIP = NO;
				DEBUG_INFORMATION_FORMAT = dwarf;
				ENABLE_STRICT_OBJC_MSGSEND = YES;
				ENABLE_TESTABILITY = YES;
				GCC_C_LANGUAGE_STANDARD = gnu11;
				GCC_DYNAMIC_NO_PIC = NO;
				GCC_NO_COMMON_BLOCKS = YES;
				GCC_OPTIMIZATION_LEVEL = 0;
				GCC_PREPROCESSOR_DEFINITIONS = (
					"DEBUG=1",
					"$(inherited)",
				);
				GCC_WARN_64_TO_32_BIT_CONVERSION = YES;
				GCC_WARN_ABOUT_RETURN_TYPE = YES_ERROR;
				GCC_WARN_UNDECLARED_SELECTOR = YES;
				GCC_WARN_UNINITIALIZED_AUTOS = YES_AGGRESSIVE;
				GCC_WARN_UNUSED_FUNCTION = YES;
				GCC_WARN_UNUSED_VARIABLE = YES;
				IPHONEOS_DEPLOYMENT_TARGET = 16.2;
				MTL_ENABLE_DEBUG_INFO = INCLUDE_SOURCE;
				MTL_FAST_MATH = YES;
				ONLY_ACTIVE_ARCH = YES;
				SDKROOT = iphoneos;
				SWIFT_ACTIVE_COMPILATION_CONDITIONS = DEBUG;
				SWIFT_OPTIMIZATION_LEVEL = "-Onone";
			};
			name = Debug;
		};
		80AD557E29D7884C00A8F1C3 /* Release */ = {
			isa = XCBuildConfiguration;
			buildSettings = {
				ALWAYS_SEARCH_USER_PATHS = NO;
				CLANG_ANALYZER_NONNULL = YES;
				CLANG_ANALYZER_NUMBER_OBJECT_CONVERSION = YES_AGGRESSIVE;
				CLANG_CXX_LANGUAGE_STANDARD = "gnu++20";
				CLANG_ENABLE_MODULES = YES;
				CLANG_ENABLE_OBJC_ARC = YES;
				CLANG_ENABLE_OBJC_WEAK = YES;
				CLANG_WARN_BLOCK_CAPTURE_AUTORELEASING = YES;
				CLANG_WARN_BOOL_CONVERSION = YES;
				CLANG_WARN_COMMA = YES;
				CLANG_WARN_CONSTANT_CONVERSION = YES;
				CLANG_WARN_DEPRECATED_OBJC_IMPLEMENTATIONS = YES;
				CLANG_WARN_DIRECT_OBJC_ISA_USAGE = YES_ERROR;
				CLANG_WARN_DOCUMENTATION_COMMENTS = YES;
				CLANG_WARN_EMPTY_BODY = YES;
				CLANG_WARN_ENUM_CONVERSION = YES;
				CLANG_WARN_INFINITE_RECURSION = YES;
				CLANG_WARN_INT_CONVERSION = YES;
				CLANG_WARN_NON_LITERAL_NULL_CONVERSION = YES;
				CLANG_WARN_OBJC_IMPLICIT_RETAIN_SELF = YES;
				CLANG_WARN_OBJC_LITERAL_CONVERSION = YES;
				CLANG_WARN_OBJC_ROOT_CLASS = YES_ERROR;
				CLANG_WARN_QUOTED_INCLUDE_IN_FRAMEWORK_HEADER = YES;
				CLANG_WARN_RANGE_LOOP_ANALYSIS = YES;
				CLANG_WARN_STRICT_PROTOTYPES = YES;
				CLANG_WARN_SUSPICIOUS_MOVE = YES;
				CLANG_WARN_UNGUARDED_AVAILABILITY = YES_AGGRESSIVE;
				CLANG_WARN_UNREACHABLE_CODE = YES;
				CLANG_WARN__DUPLICATE_METHOD_MATCH = YES;
				COPY_PHASE_STRIP = NO;
				DEBUG_INFORMATION_FORMAT = "dwarf-with-dsym";
				ENABLE_NS_ASSERTIONS = NO;
				ENABLE_STRICT_OBJC_MSGSEND = YES;
				GCC_C_LANGUAGE_STANDARD = gnu11;
				GCC_NO_COMMON_BLOCKS = YES;
				GCC_WARN_64_TO_32_BIT_CONVERSION = YES;
				GCC_WARN_ABOUT_RETURN_TYPE = YES_ERROR;
				GCC_WARN_UNDECLARED_SELECTOR = YES;
				GCC_WARN_UNINITIALIZED_AUTOS = YES_AGGRESSIVE;
				GCC_WARN_UNUSED_FUNCTION = YES;
				GCC_WARN_UNUSED_VARIABLE = YES;
				IPHONEOS_DEPLOYMENT_TARGET = 16.2;
				MTL_ENABLE_DEBUG_INFO = NO;
				MTL_FAST_MATH = YES;
				SDKROOT = iphoneos;
				SWIFT_COMPILATION_MODE = wholemodule;
				SWIFT_OPTIMIZATION_LEVEL = "-O";
				VALIDATE_PRODUCT = YES;
			};
			name = Release;
		};
		80AD558029D7884C00A8F1C3 /* Debug */ = {
			isa = XCBuildConfiguration;
			buildSettings = {
				ASSETCATALOG_COMPILER_APPICON_NAME = AppIcon;
				ASSETCATALOG_COMPILER_GLOBAL_ACCENT_COLOR_NAME = AccentColor;
				CODE_SIGN_STYLE = Automatic;
				CURRENT_PROJECT_VERSION = 1;
				DEVELOPMENT_TEAM = X6QCC36TXK;
				GENERATE_INFOPLIST_FILE = YES;
				INFOPLIST_FILE = MovieMood/Resources/Info.plist;
				INFOPLIST_KEY_UIApplicationSupportsIndirectInputEvents = YES;
				INFOPLIST_KEY_UILaunchStoryboardName = LaunchScreen;
				INFOPLIST_KEY_UISupportedInterfaceOrientations = UIInterfaceOrientationPortrait;
				INFOPLIST_KEY_UISupportedInterfaceOrientations_iPad = "UIInterfaceOrientationLandscapeLeft UIInterfaceOrientationLandscapeRight UIInterfaceOrientationPortrait UIInterfaceOrientationPortraitUpsideDown";
				IPHONEOS_DEPLOYMENT_TARGET = 13.0;
				LD_RUNPATH_SEARCH_PATHS = (
					"$(inherited)",
					"@executable_path/Frameworks",
				);
				MARKETING_VERSION = 1.0;
				PRODUCT_BUNDLE_IDENTIFIER = com.kashenko.MovieMood;
				PRODUCT_NAME = "$(TARGET_NAME)";
				SUPPORTED_PLATFORMS = "iphoneos iphonesimulator";
				SUPPORTS_MACCATALYST = NO;
				SUPPORTS_MAC_DESIGNED_FOR_IPHONE_IPAD = NO;
				SWIFT_EMIT_LOC_STRINGS = YES;
				SWIFT_VERSION = 5.0;
				TARGETED_DEVICE_FAMILY = 1;
			};
			name = Debug;
		};
		80AD558129D7884C00A8F1C3 /* Release */ = {
			isa = XCBuildConfiguration;
			buildSettings = {
				ASSETCATALOG_COMPILER_APPICON_NAME = AppIcon;
				ASSETCATALOG_COMPILER_GLOBAL_ACCENT_COLOR_NAME = AccentColor;
				CODE_SIGN_STYLE = Automatic;
				CURRENT_PROJECT_VERSION = 1;
				DEVELOPMENT_TEAM = X6QCC36TXK;
				GENERATE_INFOPLIST_FILE = YES;
				INFOPLIST_FILE = MovieMood/Resources/Info.plist;
				INFOPLIST_KEY_UIApplicationSupportsIndirectInputEvents = YES;
				INFOPLIST_KEY_UILaunchStoryboardName = LaunchScreen;
				INFOPLIST_KEY_UISupportedInterfaceOrientations = UIInterfaceOrientationPortrait;
				INFOPLIST_KEY_UISupportedInterfaceOrientations_iPad = "UIInterfaceOrientationLandscapeLeft UIInterfaceOrientationLandscapeRight UIInterfaceOrientationPortrait UIInterfaceOrientationPortraitUpsideDown";
				IPHONEOS_DEPLOYMENT_TARGET = 13.0;
				LD_RUNPATH_SEARCH_PATHS = (
					"$(inherited)",
					"@executable_path/Frameworks",
				);
				MARKETING_VERSION = 1.0;
				PRODUCT_BUNDLE_IDENTIFIER = com.kashenko.MovieMood;
				PRODUCT_NAME = "$(TARGET_NAME)";
				SUPPORTED_PLATFORMS = "iphoneos iphonesimulator";
				SUPPORTS_MACCATALYST = NO;
				SUPPORTS_MAC_DESIGNED_FOR_IPHONE_IPAD = NO;
				SWIFT_EMIT_LOC_STRINGS = YES;
				SWIFT_VERSION = 5.0;
				TARGETED_DEVICE_FAMILY = 1;
			};
			name = Release;
		};
/* End XCBuildConfiguration section */

/* Begin XCConfigurationList section */
		80AD556629D7884A00A8F1C3 /* Build configuration list for PBXProject "MovieMood" */ = {
			isa = XCConfigurationList;
			buildConfigurations = (
				80AD557D29D7884C00A8F1C3 /* Debug */,
				80AD557E29D7884C00A8F1C3 /* Release */,
			);
			defaultConfigurationIsVisible = 0;
			defaultConfigurationName = Release;
		};
		80AD557F29D7884C00A8F1C3 /* Build configuration list for PBXNativeTarget "MovieMood" */ = {
			isa = XCConfigurationList;
			buildConfigurations = (
				80AD558029D7884C00A8F1C3 /* Debug */,
				80AD558129D7884C00A8F1C3 /* Release */,
			);
			defaultConfigurationIsVisible = 0;
			defaultConfigurationName = Release;
		};
/* End XCConfigurationList section */

/* Begin XCRemoteSwiftPackageReference section */
		8021866729DD7D660078D701 /* XCRemoteSwiftPackageReference "firebase-ios-sdk" */ = {
			isa = XCRemoteSwiftPackageReference;
			repositoryURL = "https://github.com/firebase/firebase-ios-sdk.git";
			requirement = {
				kind = upToNextMajorVersion;
				minimumVersion = 9.0.0;
			};
		};
		804CB40829DC6F1700955FA9 /* XCRemoteSwiftPackageReference "GoogleSignIn-iOS" */ = {
			isa = XCRemoteSwiftPackageReference;
			repositoryURL = "https://github.com/google/GoogleSignIn-iOS";
			requirement = {
				kind = upToNextMajorVersion;
				minimumVersion = 7.0.0;
			};
		};
		804CB40B29DC6F3D00955FA9 /* XCRemoteSwiftPackageReference "SDWebImage" */ = {
			isa = XCRemoteSwiftPackageReference;
			repositoryURL = "https://github.com/SDWebImage/SDWebImage";
			requirement = {
				kind = upToNextMajorVersion;
				minimumVersion = 5.0.0;
			};
		};
		8066744329E53F2100881DD9 /* XCRemoteSwiftPackageReference "realm-swift" */ = {
			isa = XCRemoteSwiftPackageReference;
			repositoryURL = "https://github.com/realm/realm-swift.git";
			requirement = {
				branch = master;
				kind = branch;
			};
		};
/* End XCRemoteSwiftPackageReference section */

/* Begin XCSwiftPackageProductDependency section */
		8021866829DD7D660078D701 /* FirebaseAuth */ = {
			isa = XCSwiftPackageProductDependency;
			package = 8021866729DD7D660078D701 /* XCRemoteSwiftPackageReference "firebase-ios-sdk" */;
			productName = FirebaseAuth;
		};
		804CB40929DC6F1700955FA9 /* GoogleSignInSwift */ = {
			isa = XCSwiftPackageProductDependency;
			package = 804CB40829DC6F1700955FA9 /* XCRemoteSwiftPackageReference "GoogleSignIn-iOS" */;
			productName = GoogleSignInSwift;
		};
		804CB40C29DC6F3D00955FA9 /* SDWebImage */ = {
			isa = XCSwiftPackageProductDependency;
			package = 804CB40B29DC6F3D00955FA9 /* XCRemoteSwiftPackageReference "SDWebImage" */;
			productName = SDWebImage;
		};
		8066744429E53F2100881DD9 /* RealmSwift */ = {
			isa = XCSwiftPackageProductDependency;
			package = 8066744329E53F2100881DD9 /* XCRemoteSwiftPackageReference "realm-swift" */;
			productName = RealmSwift;
		};
/* End XCSwiftPackageProductDependency section */
	};
	rootObject = 80AD556329D7884A00A8F1C3 /* Project object */;
}
