// !$*UTF8*$!
{
	archiveVersion = 1;
	classes = {
	};
	objectVersion = 56;
	objects = {

/* Begin PBXBuildFile section */
		286DD86F29DDC45800F201F2 /* DetailCollectionViewCell.swift in Sources */ = {isa = PBXBuildFile; fileRef = 286DD86E29DDC45700F201F2 /* DetailCollectionViewCell.swift */; };
		808E8CBD29DAC186003DD106 /* UIColor + Extension.swift in Sources */ = {isa = PBXBuildFile; fileRef = 808E8CBC29DAC186003DD106 /* UIColor + Extension.swift */; };
		808E8CBF29DAC998003DD106 /* README.md in Resources */ = {isa = PBXBuildFile; fileRef = 808E8CBE29DAC998003DD106 /* README.md */; };
		808E8CC129DAC9E8003DD106 /* HomeViewController.swift in Sources */ = {isa = PBXBuildFile; fileRef = 808E8CC029DAC9E8003DD106 /* HomeViewController.swift */; };
		808E8CC429DACA44003DD106 /* SignUpViewController.swift in Sources */ = {isa = PBXBuildFile; fileRef = 808E8CC329DACA44003DD106 /* SignUpViewController.swift */; };
		808E8CC729DB07B9003DD106 /* BlueButton.swift in Sources */ = {isa = PBXBuildFile; fileRef = 808E8CC629DB07B9003DD106 /* BlueButton.swift */; };
		80AD556F29D7884A00A8F1C3 /* AppDelegate.swift in Sources */ = {isa = PBXBuildFile; fileRef = 80AD556E29D7884A00A8F1C3 /* AppDelegate.swift */; };
		80AD557329D7884A00A8F1C3 /* MainTabBarController.swift in Sources */ = {isa = PBXBuildFile; fileRef = 80AD557229D7884A00A8F1C3 /* MainTabBarController.swift */; };
		80AD557829D7884C00A8F1C3 /* Assets.xcassets in Resources */ = {isa = PBXBuildFile; fileRef = 80AD557729D7884C00A8F1C3 /* Assets.xcassets */; };
		80AD557B29D7884C00A8F1C3 /* LaunchScreen.storyboard in Resources */ = {isa = PBXBuildFile; fileRef = 80AD557929D7884C00A8F1C3 /* LaunchScreen.storyboard */; };
		80AD558B29D7894A00A8F1C3 /* AuthManager.swift in Sources */ = {isa = PBXBuildFile; fileRef = 80AD558A29D7894A00A8F1C3 /* AuthManager.swift */; };
		80AD558D29D7896800A8F1C3 /* Movie.swift in Sources */ = {isa = PBXBuildFile; fileRef = 80AD558C29D7896800A8F1C3 /* Movie.swift */; };
		80AD558F29D78AAF00A8F1C3 /* OnboardingViewController.swift in Sources */ = {isa = PBXBuildFile; fileRef = 80AD558E29D78AAF00A8F1C3 /* OnboardingViewController.swift */; };
		80AD559129D78ACF00A8F1C3 /* AuthViewController.swift in Sources */ = {isa = PBXBuildFile; fileRef = 80AD559029D78ACF00A8F1C3 /* AuthViewController.swift */; };
		80AD559329D78B2500A8F1C3 /* ProfileViewController.swift in Sources */ = {isa = PBXBuildFile; fileRef = 80AD559229D78B2500A8F1C3 /* ProfileViewController.swift */; };
		80AD559529D78B4500A8F1C3 /* SearchViewController.swift in Sources */ = {isa = PBXBuildFile; fileRef = 80AD559429D78B4500A8F1C3 /* SearchViewController.swift */; };
		80AD559729D78B6C00A8F1C3 /* FavoriteViewController.swift in Sources */ = {isa = PBXBuildFile; fileRef = 80AD559629D78B6C00A8F1C3 /* FavoriteViewController.swift */; };
		80AD559929D78BAD00A8F1C3 /* DetailViewController.swift in Sources */ = {isa = PBXBuildFile; fileRef = 80AD559829D78BAD00A8F1C3 /* DetailViewController.swift */; };
		80AD559B29D78BDF00A8F1C3 /* HistoryViewController.swift in Sources */ = {isa = PBXBuildFile; fileRef = 80AD559A29D78BDF00A8F1C3 /* HistoryViewController.swift */; };
		80AD559D29D78C0500A8F1C3 /* RealmManager.swift in Sources */ = {isa = PBXBuildFile; fileRef = 80AD559C29D78C0500A8F1C3 /* RealmManager.swift */; };
		80AD559F29D78C1B00A8F1C3 /* ApiManager.swift in Sources */ = {isa = PBXBuildFile; fileRef = 80AD559E29D78C1B00A8F1C3 /* ApiManager.swift */; };
/* End PBXBuildFile section */

/* Begin PBXFileReference section */
		286DD86E29DDC45700F201F2 /* DetailCollectionViewCell.swift */ = {isa = PBXFileReference; lastKnownFileType = sourcecode.swift; path = DetailCollectionViewCell.swift; sourceTree = "<group>"; };
		808E8CBC29DAC186003DD106 /* UIColor + Extension.swift */ = {isa = PBXFileReference; lastKnownFileType = sourcecode.swift; path = "UIColor + Extension.swift"; sourceTree = "<group>"; };
		808E8CBE29DAC998003DD106 /* README.md */ = {isa = PBXFileReference; fileEncoding = 4; lastKnownFileType = net.daringfireball.markdown; path = README.md; sourceTree = "<group>"; };
		808E8CC029DAC9E8003DD106 /* HomeViewController.swift */ = {isa = PBXFileReference; lastKnownFileType = sourcecode.swift; path = HomeViewController.swift; sourceTree = "<group>"; };
		808E8CC329DACA44003DD106 /* SignUpViewController.swift */ = {isa = PBXFileReference; lastKnownFileType = sourcecode.swift; path = SignUpViewController.swift; sourceTree = "<group>"; };
		808E8CC629DB07B9003DD106 /* BlueButton.swift */ = {isa = PBXFileReference; lastKnownFileType = sourcecode.swift; path = BlueButton.swift; sourceTree = "<group>"; };
		80AD556B29D7884A00A8F1C3 /* MovieMood.app */ = {isa = PBXFileReference; explicitFileType = wrapper.application; includeInIndex = 0; path = MovieMood.app; sourceTree = BUILT_PRODUCTS_DIR; };
		80AD556E29D7884A00A8F1C3 /* AppDelegate.swift */ = {isa = PBXFileReference; lastKnownFileType = sourcecode.swift; path = AppDelegate.swift; sourceTree = "<group>"; };
		80AD557229D7884A00A8F1C3 /* MainTabBarController.swift */ = {isa = PBXFileReference; lastKnownFileType = sourcecode.swift; path = MainTabBarController.swift; sourceTree = "<group>"; };
		80AD557729D7884C00A8F1C3 /* Assets.xcassets */ = {isa = PBXFileReference; lastKnownFileType = folder.assetcatalog; path = Assets.xcassets; sourceTree = "<group>"; };
		80AD557A29D7884C00A8F1C3 /* Base */ = {isa = PBXFileReference; lastKnownFileType = file.storyboard; name = Base; path = Base.lproj/LaunchScreen.storyboard; sourceTree = "<group>"; };
		80AD557C29D7884C00A8F1C3 /* Info.plist */ = {isa = PBXFileReference; lastKnownFileType = text.plist.xml; path = Info.plist; sourceTree = "<group>"; };
		80AD558A29D7894A00A8F1C3 /* AuthManager.swift */ = {isa = PBXFileReference; lastKnownFileType = sourcecode.swift; path = AuthManager.swift; sourceTree = "<group>"; };
		80AD558C29D7896800A8F1C3 /* Movie.swift */ = {isa = PBXFileReference; lastKnownFileType = sourcecode.swift; path = Movie.swift; sourceTree = "<group>"; };
		80AD558E29D78AAF00A8F1C3 /* OnboardingViewController.swift */ = {isa = PBXFileReference; lastKnownFileType = sourcecode.swift; path = OnboardingViewController.swift; sourceTree = "<group>"; };
		80AD559029D78ACF00A8F1C3 /* AuthViewController.swift */ = {isa = PBXFileReference; lastKnownFileType = sourcecode.swift; path = AuthViewController.swift; sourceTree = "<group>"; };
		80AD559229D78B2500A8F1C3 /* ProfileViewController.swift */ = {isa = PBXFileReference; lastKnownFileType = sourcecode.swift; path = ProfileViewController.swift; sourceTree = "<group>"; };
		80AD559429D78B4500A8F1C3 /* SearchViewController.swift */ = {isa = PBXFileReference; lastKnownFileType = sourcecode.swift; path = SearchViewController.swift; sourceTree = "<group>"; };
		80AD559629D78B6C00A8F1C3 /* FavoriteViewController.swift */ = {isa = PBXFileReference; lastKnownFileType = sourcecode.swift; path = FavoriteViewController.swift; sourceTree = "<group>"; };
		80AD559829D78BAD00A8F1C3 /* DetailViewController.swift */ = {isa = PBXFileReference; lastKnownFileType = sourcecode.swift; path = DetailViewController.swift; sourceTree = "<group>"; };
		80AD559A29D78BDF00A8F1C3 /* HistoryViewController.swift */ = {isa = PBXFileReference; lastKnownFileType = sourcecode.swift; path = HistoryViewController.swift; sourceTree = "<group>"; };
		80AD559C29D78C0500A8F1C3 /* RealmManager.swift */ = {isa = PBXFileReference; lastKnownFileType = sourcecode.swift; path = RealmManager.swift; sourceTree = "<group>"; };
		80AD559E29D78C1B00A8F1C3 /* ApiManager.swift */ = {isa = PBXFileReference; lastKnownFileType = sourcecode.swift; path = ApiManager.swift; sourceTree = "<group>"; };
/* End PBXFileReference section */

/* Begin PBXFrameworksBuildPhase section */
		80AD556829D7884A00A8F1C3 /* Frameworks */ = {
			isa = PBXFrameworksBuildPhase;
			buildActionMask = 2147483647;
			files = (
			);
			runOnlyForDeploymentPostprocessing = 0;
		};
/* End PBXFrameworksBuildPhase section */

/* Begin PBXGroup section */
		808E8CBA29DAC173003DD106 /* Extensions */ = {
			isa = PBXGroup;
			children = (
				808E8CBB29DAC17C003DD106 /* UIKit */,
			);
			path = Extensions;
			sourceTree = "<group>";
		};
		808E8CBB29DAC17C003DD106 /* UIKit */ = {
			isa = PBXGroup;
			children = (
				808E8CBC29DAC186003DD106 /* UIColor + Extension.swift */,
			);
			path = UIKit;
			sourceTree = "<group>";
		};
		808E8CC229DACA0C003DD106 /* Other */ = {
			isa = PBXGroup;
			children = (
				80AD558E29D78AAF00A8F1C3 /* OnboardingViewController.swift */,
				80AD559029D78ACF00A8F1C3 /* AuthViewController.swift */,
				80AD559829D78BAD00A8F1C3 /* DetailViewController.swift */,
				286DD86E29DDC45700F201F2 /* DetailCollectionViewCell.swift */,
				808E8CC329DACA44003DD106 /* SignUpViewController.swift */,
			);
			path = Other;
			sourceTree = "<group>";
		};
		80AD556229D7884A00A8F1C3 = {
			isa = PBXGroup;
			children = (
				808E8CBE29DAC998003DD106 /* README.md */,
				80AD556D29D7884A00A8F1C3 /* MovieMood */,
				80AD556C29D7884A00A8F1C3 /* Products */,
			);
			sourceTree = "<group>";
		};
		80AD556C29D7884A00A8F1C3 /* Products */ = {
			isa = PBXGroup;
			children = (
				80AD556B29D7884A00A8F1C3 /* MovieMood.app */,
			);
			name = Products;
			sourceTree = "<group>";
		};
		80AD556D29D7884A00A8F1C3 /* MovieMood */ = {
			isa = PBXGroup;
			children = (
				80AD558729D788A800A8F1C3 /* App */,
				80AD558629D788A400A8F1C3 /* Services */,
				80AD558529D788A100A8F1C3 /* Models */,
				80AD558429D7889D00A8F1C3 /* Views */,
				80AD558329D7889700A8F1C3 /* Controllers */,
				808E8CBA29DAC173003DD106 /* Extensions */,
				80AD558229D7889000A8F1C3 /* Resources */,
			);
			path = MovieMood;
			sourceTree = "<group>";
		};
		80AD558229D7889000A8F1C3 /* Resources */ = {
			isa = PBXGroup;
			children = (
				80AD557729D7884C00A8F1C3 /* Assets.xcassets */,
				80AD557C29D7884C00A8F1C3 /* Info.plist */,
			);
			path = Resources;
			sourceTree = "<group>";
		};
		80AD558329D7889700A8F1C3 /* Controllers */ = {
			isa = PBXGroup;
			children = (
				80AD558829D788D900A8F1C3 /* Core */,
				808E8CC229DACA0C003DD106 /* Other */,
			);
			path = Controllers;
			sourceTree = "<group>";
		};
		80AD558429D7889D00A8F1C3 /* Views */ = {
			isa = PBXGroup;
			children = (
				80AD557929D7884C00A8F1C3 /* LaunchScreen.storyboard */,
				808E8CC629DB07B9003DD106 /* BlueButton.swift */,
			);
			path = Views;
			sourceTree = "<group>";
		};
		80AD558529D788A100A8F1C3 /* Models */ = {
			isa = PBXGroup;
			children = (
				80AD558C29D7896800A8F1C3 /* Movie.swift */,
			);
			path = Models;
			sourceTree = "<group>";
		};
		80AD558629D788A400A8F1C3 /* Services */ = {
			isa = PBXGroup;
			children = (
				80AD558A29D7894A00A8F1C3 /* AuthManager.swift */,
				80AD559C29D78C0500A8F1C3 /* RealmManager.swift */,
				80AD559E29D78C1B00A8F1C3 /* ApiManager.swift */,
			);
			path = Services;
			sourceTree = "<group>";
		};
		80AD558729D788A800A8F1C3 /* App */ = {
			isa = PBXGroup;
			children = (
				80AD556E29D7884A00A8F1C3 /* AppDelegate.swift */,
			);
			path = App;
			sourceTree = "<group>";
		};
		80AD558829D788D900A8F1C3 /* Core */ = {
			isa = PBXGroup;
			children = (
				80AD557229D7884A00A8F1C3 /* MainTabBarController.swift */,
				80AD559229D78B2500A8F1C3 /* ProfileViewController.swift */,
				80AD559429D78B4500A8F1C3 /* SearchViewController.swift */,
				80AD559629D78B6C00A8F1C3 /* FavoriteViewController.swift */,
				80AD559A29D78BDF00A8F1C3 /* HistoryViewController.swift */,
				808E8CC029DAC9E8003DD106 /* HomeViewController.swift */,
			);
			path = Core;
			sourceTree = "<group>";
		};
/* End PBXGroup section */

/* Begin PBXNativeTarget section */
		80AD556A29D7884A00A8F1C3 /* MovieMood */ = {
			isa = PBXNativeTarget;
			buildConfigurationList = 80AD557F29D7884C00A8F1C3 /* Build configuration list for PBXNativeTarget "MovieMood" */;
			buildPhases = (
				80AD556729D7884A00A8F1C3 /* Sources */,
				80AD556829D7884A00A8F1C3 /* Frameworks */,
				80AD556929D7884A00A8F1C3 /* Resources */,
			);
			buildRules = (
			);
			dependencies = (
			);
			name = MovieMood;
			productName = MovieMood;
			productReference = 80AD556B29D7884A00A8F1C3 /* MovieMood.app */;
			productType = "com.apple.product-type.application";
		};
/* End PBXNativeTarget section */

/* Begin PBXProject section */
		80AD556329D7884A00A8F1C3 /* Project object */ = {
			isa = PBXProject;
			attributes = {
				BuildIndependentTargetsInParallel = 1;
				LastSwiftUpdateCheck = 1420;
				LastUpgradeCheck = 1420;
				TargetAttributes = {
					80AD556A29D7884A00A8F1C3 = {
						CreatedOnToolsVersion = 14.2;
					};
				};
			};
			buildConfigurationList = 80AD556629D7884A00A8F1C3 /* Build configuration list for PBXProject "MovieMood" */;
			compatibilityVersion = "Xcode 14.0";
			developmentRegion = en;
			hasScannedForEncodings = 0;
			knownRegions = (
				en,
				Base,
			);
			mainGroup = 80AD556229D7884A00A8F1C3;
			productRefGroup = 80AD556C29D7884A00A8F1C3 /* Products */;
			projectDirPath = "";
			projectRoot = "";
			targets = (
				80AD556A29D7884A00A8F1C3 /* MovieMood */,
			);
		};
/* End PBXProject section */

/* Begin PBXResourcesBuildPhase section */
		80AD556929D7884A00A8F1C3 /* Resources */ = {
			isa = PBXResourcesBuildPhase;
			buildActionMask = 2147483647;
			files = (
				808E8CBF29DAC998003DD106 /* README.md in Resources */,
				80AD557B29D7884C00A8F1C3 /* LaunchScreen.storyboard in Resources */,
				80AD557829D7884C00A8F1C3 /* Assets.xcassets in Resources */,
			);
			runOnlyForDeploymentPostprocessing = 0;
		};
/* End PBXResourcesBuildPhase section */

/* Begin PBXSourcesBuildPhase section */
		80AD556729D7884A00A8F1C3 /* Sources */ = {
			isa = PBXSourcesBuildPhase;
			buildActionMask = 2147483647;
			files = (
				80AD557329D7884A00A8F1C3 /* MainTabBarController.swift in Sources */,
				80AD558B29D7894A00A8F1C3 /* AuthManager.swift in Sources */,
				80AD559529D78B4500A8F1C3 /* SearchViewController.swift in Sources */,
				80AD558F29D78AAF00A8F1C3 /* OnboardingViewController.swift in Sources */,
				80AD559729D78B6C00A8F1C3 /* FavoriteViewController.swift in Sources */,
				808E8CC129DAC9E8003DD106 /* HomeViewController.swift in Sources */,
				80AD559D29D78C0500A8F1C3 /* RealmManager.swift in Sources */,
				80AD559B29D78BDF00A8F1C3 /* HistoryViewController.swift in Sources */,
				808E8CC729DB07B9003DD106 /* BlueButton.swift in Sources */,
				808E8CBD29DAC186003DD106 /* UIColor + Extension.swift in Sources */,
				80AD558D29D7896800A8F1C3 /* Movie.swift in Sources */,
				808E8CC429DACA44003DD106 /* SignUpViewController.swift in Sources */,
				80AD559F29D78C1B00A8F1C3 /* ApiManager.swift in Sources */,
				80AD559329D78B2500A8F1C3 /* ProfileViewController.swift in Sources */,
				80AD559929D78BAD00A8F1C3 /* DetailViewController.swift in Sources */,
				80AD559129D78ACF00A8F1C3 /* AuthViewController.swift in Sources */,
				80AD556F29D7884A00A8F1C3 /* AppDelegate.swift in Sources */,
				286DD86F29DDC45800F201F2 /* DetailCollectionViewCell.swift in Sources */,
			);
			runOnlyForDeploymentPostprocessing = 0;
		};
/* End PBXSourcesBuildPhase section */

/* Begin PBXVariantGroup section */
		80AD557929D7884C00A8F1C3 /* LaunchScreen.storyboard */ = {
			isa = PBXVariantGroup;
			children = (
				80AD557A29D7884C00A8F1C3 /* Base */,
			);
			name = LaunchScreen.storyboard;
			sourceTree = "<group>";
		};
/* End PBXVariantGroup section */

/* Begin XCBuildConfiguration section */
		80AD557D29D7884C00A8F1C3 /* Debug */ = {
			isa = XCBuildConfiguration;
			buildSettings = {
				ALWAYS_SEARCH_USER_PATHS = NO;
				CLANG_ANALYZER_NONNULL = YES;
				CLANG_ANALYZER_NUMBER_OBJECT_CONVERSION = YES_AGGRESSIVE;
				CLANG_CXX_LANGUAGE_STANDARD = "gnu++20";
				CLANG_ENABLE_MODULES = YES;
				CLANG_ENABLE_OBJC_ARC = YES;
				CLANG_ENABLE_OBJC_WEAK = YES;
				CLANG_WARN_BLOCK_CAPTURE_AUTORELEASING = YES;
				CLANG_WARN_BOOL_CONVERSION = YES;
				CLANG_WARN_COMMA = YES;
				CLANG_WARN_CONSTANT_CONVERSION = YES;
				CLANG_WARN_DEPRECATED_OBJC_IMPLEMENTATIONS = YES;
				CLANG_WARN_DIRECT_OBJC_ISA_USAGE = YES_ERROR;
				CLANG_WARN_DOCUMENTATION_COMMENTS = YES;
				CLANG_WARN_EMPTY_BODY = YES;
				CLANG_WARN_ENUM_CONVERSION = YES;
				CLANG_WARN_INFINITE_RECURSION = YES;
				CLANG_WARN_INT_CONVERSION = YES;
				CLANG_WARN_NON_LITERAL_NULL_CONVERSION = YES;
				CLANG_WARN_OBJC_IMPLICIT_RETAIN_SELF = YES;
				CLANG_WARN_OBJC_LITERAL_CONVERSION = YES;
				CLANG_WARN_OBJC_ROOT_CLASS = YES_ERROR;
				CLANG_WARN_QUOTED_INCLUDE_IN_FRAMEWORK_HEADER = YES;
				CLANG_WARN_RANGE_LOOP_ANALYSIS = YES;
				CLANG_WARN_STRICT_PROTOTYPES = YES;
				CLANG_WARN_SUSPICIOUS_MOVE = YES;
				CLANG_WARN_UNGUARDED_AVAILABILITY = YES_AGGRESSIVE;
				CLANG_WARN_UNREACHABLE_CODE = YES;
				CLANG_WARN__DUPLICATE_METHOD_MATCH = YES;
				COPY_PHASE_STRIP = NO;
				DEBUG_INFORMATION_FORMAT = dwarf;
				ENABLE_STRICT_OBJC_MSGSEND = YES;
				ENABLE_TESTABILITY = YES;
				GCC_C_LANGUAGE_STANDARD = gnu11;
				GCC_DYNAMIC_NO_PIC = NO;
				GCC_NO_COMMON_BLOCKS = YES;
				GCC_OPTIMIZATION_LEVEL = 0;
				GCC_PREPROCESSOR_DEFINITIONS = (
					"DEBUG=1",
					"$(inherited)",
				);
				GCC_WARN_64_TO_32_BIT_CONVERSION = YES;
				GCC_WARN_ABOUT_RETURN_TYPE = YES_ERROR;
				GCC_WARN_UNDECLARED_SELECTOR = YES;
				GCC_WARN_UNINITIALIZED_AUTOS = YES_AGGRESSIVE;
				GCC_WARN_UNUSED_FUNCTION = YES;
				GCC_WARN_UNUSED_VARIABLE = YES;
				IPHONEOS_DEPLOYMENT_TARGET = 16.2;
				MTL_ENABLE_DEBUG_INFO = INCLUDE_SOURCE;
				MTL_FAST_MATH = YES;
				ONLY_ACTIVE_ARCH = YES;
				SDKROOT = iphoneos;
				SWIFT_ACTIVE_COMPILATION_CONDITIONS = DEBUG;
				SWIFT_OPTIMIZATION_LEVEL = "-Onone";
			};
			name = Debug;
		};
		80AD557E29D7884C00A8F1C3 /* Release */ = {
			isa = XCBuildConfiguration;
			buildSettings = {
				ALWAYS_SEARCH_USER_PATHS = NO;
				CLANG_ANALYZER_NONNULL = YES;
				CLANG_ANALYZER_NUMBER_OBJECT_CONVERSION = YES_AGGRESSIVE;
				CLANG_CXX_LANGUAGE_STANDARD = "gnu++20";
				CLANG_ENABLE_MODULES = YES;
				CLANG_ENABLE_OBJC_ARC = YES;
				CLANG_ENABLE_OBJC_WEAK = YES;
				CLANG_WARN_BLOCK_CAPTURE_AUTORELEASING = YES;
				CLANG_WARN_BOOL_CONVERSION = YES;
				CLANG_WARN_COMMA = YES;
				CLANG_WARN_CONSTANT_CONVERSION = YES;
				CLANG_WARN_DEPRECATED_OBJC_IMPLEMENTATIONS = YES;
				CLANG_WARN_DIRECT_OBJC_ISA_USAGE = YES_ERROR;
				CLANG_WARN_DOCUMENTATION_COMMENTS = YES;
				CLANG_WARN_EMPTY_BODY = YES;
				CLANG_WARN_ENUM_CONVERSION = YES;
				CLANG_WARN_INFINITE_RECURSION = YES;
				CLANG_WARN_INT_CONVERSION = YES;
				CLANG_WARN_NON_LITERAL_NULL_CONVERSION = YES;
				CLANG_WARN_OBJC_IMPLICIT_RETAIN_SELF = YES;
				CLANG_WARN_OBJC_LITERAL_CONVERSION = YES;
				CLANG_WARN_OBJC_ROOT_CLASS = YES_ERROR;
				CLANG_WARN_QUOTED_INCLUDE_IN_FRAMEWORK_HEADER = YES;
				CLANG_WARN_RANGE_LOOP_ANALYSIS = YES;
				CLANG_WARN_STRICT_PROTOTYPES = YES;
				CLANG_WARN_SUSPICIOUS_MOVE = YES;
				CLANG_WARN_UNGUARDED_AVAILABILITY = YES_AGGRESSIVE;
				CLANG_WARN_UNREACHABLE_CODE = YES;
				CLANG_WARN__DUPLICATE_METHOD_MATCH = YES;
				COPY_PHASE_STRIP = NO;
				DEBUG_INFORMATION_FORMAT = "dwarf-with-dsym";
				ENABLE_NS_ASSERTIONS = NO;
				ENABLE_STRICT_OBJC_MSGSEND = YES;
				GCC_C_LANGUAGE_STANDARD = gnu11;
				GCC_NO_COMMON_BLOCKS = YES;
				GCC_WARN_64_TO_32_BIT_CONVERSION = YES;
				GCC_WARN_ABOUT_RETURN_TYPE = YES_ERROR;
				GCC_WARN_UNDECLARED_SELECTOR = YES;
				GCC_WARN_UNINITIALIZED_AUTOS = YES_AGGRESSIVE;
				GCC_WARN_UNUSED_FUNCTION = YES;
				GCC_WARN_UNUSED_VARIABLE = YES;
				IPHONEOS_DEPLOYMENT_TARGET = 16.2;
				MTL_ENABLE_DEBUG_INFO = NO;
				MTL_FAST_MATH = YES;
				SDKROOT = iphoneos;
				SWIFT_COMPILATION_MODE = wholemodule;
				SWIFT_OPTIMIZATION_LEVEL = "-O";
				VALIDATE_PRODUCT = YES;
			};
			name = Release;
		};
		80AD558029D7884C00A8F1C3 /* Debug */ = {
			isa = XCBuildConfiguration;
			buildSettings = {
				ASSETCATALOG_COMPILER_APPICON_NAME = AppIcon;
				ASSETCATALOG_COMPILER_GLOBAL_ACCENT_COLOR_NAME = AccentColor;
				CODE_SIGN_STYLE = Automatic;
				CURRENT_PROJECT_VERSION = 1;
				DEVELOPMENT_TEAM = X6QCC36TXK;
				GENERATE_INFOPLIST_FILE = YES;
				INFOPLIST_FILE = MovieMood/Resources/Info.plist;
				INFOPLIST_KEY_UIApplicationSupportsIndirectInputEvents = YES;
				INFOPLIST_KEY_UILaunchStoryboardName = LaunchScreen;
				INFOPLIST_KEY_UISupportedInterfaceOrientations = UIInterfaceOrientationPortrait;
				INFOPLIST_KEY_UISupportedInterfaceOrientations_iPad = "UIInterfaceOrientationLandscapeLeft UIInterfaceOrientationLandscapeRight UIInterfaceOrientationPortrait UIInterfaceOrientationPortraitUpsideDown";
				IPHONEOS_DEPLOYMENT_TARGET = 13.0;
				LD_RUNPATH_SEARCH_PATHS = (
					"$(inherited)",
					"@executable_path/Frameworks",
				);
				MARKETING_VERSION = 1.0;
				PRODUCT_BUNDLE_IDENTIFIER = com.kashenko.MovieMood;
				PRODUCT_NAME = "$(TARGET_NAME)";
				SUPPORTED_PLATFORMS = "iphoneos iphonesimulator";
				SUPPORTS_MACCATALYST = NO;
				SUPPORTS_MAC_DESIGNED_FOR_IPHONE_IPAD = NO;
				SWIFT_EMIT_LOC_STRINGS = YES;
				SWIFT_VERSION = 5.0;
				TARGETED_DEVICE_FAMILY = 1;
			};
			name = Debug;
		};
		80AD558129D7884C00A8F1C3 /* Release */ = {
			isa = XCBuildConfiguration;
			buildSettings = {
				ASSETCATALOG_COMPILER_APPICON_NAME = AppIcon;
				ASSETCATALOG_COMPILER_GLOBAL_ACCENT_COLOR_NAME = AccentColor;
				CODE_SIGN_STYLE = Automatic;
				CURRENT_PROJECT_VERSION = 1;
				DEVELOPMENT_TEAM = X6QCC36TXK;
				GENERATE_INFOPLIST_FILE = YES;
				INFOPLIST_FILE = MovieMood/Resources/Info.plist;
				INFOPLIST_KEY_UIApplicationSupportsIndirectInputEvents = YES;
				INFOPLIST_KEY_UILaunchStoryboardName = LaunchScreen;
				INFOPLIST_KEY_UISupportedInterfaceOrientations = UIInterfaceOrientationPortrait;
				INFOPLIST_KEY_UISupportedInterfaceOrientations_iPad = "UIInterfaceOrientationLandscapeLeft UIInterfaceOrientationLandscapeRight UIInterfaceOrientationPortrait UIInterfaceOrientationPortraitUpsideDown";
				IPHONEOS_DEPLOYMENT_TARGET = 13.0;
				LD_RUNPATH_SEARCH_PATHS = (
					"$(inherited)",
					"@executable_path/Frameworks",
				);
				MARKETING_VERSION = 1.0;
				PRODUCT_BUNDLE_IDENTIFIER = com.kashenko.MovieMood;
				PRODUCT_NAME = "$(TARGET_NAME)";
				SUPPORTED_PLATFORMS = "iphoneos iphonesimulator";
				SUPPORTS_MACCATALYST = NO;
				SUPPORTS_MAC_DESIGNED_FOR_IPHONE_IPAD = NO;
				SWIFT_EMIT_LOC_STRINGS = YES;
				SWIFT_VERSION = 5.0;
				TARGETED_DEVICE_FAMILY = 1;
			};
			name = Release;
		};
/* End XCBuildConfiguration section */

/* Begin XCConfigurationList section */
		80AD556629D7884A00A8F1C3 /* Build configuration list for PBXProject "MovieMood" */ = {
			isa = XCConfigurationList;
			buildConfigurations = (
				80AD557D29D7884C00A8F1C3 /* Debug */,
				80AD557E29D7884C00A8F1C3 /* Release */,
			);
			defaultConfigurationIsVisible = 0;
			defaultConfigurationName = Release;
		};
		80AD557F29D7884C00A8F1C3 /* Build configuration list for PBXNativeTarget "MovieMood" */ = {
			isa = XCConfigurationList;
			buildConfigurations = (
				80AD558029D7884C00A8F1C3 /* Debug */,
				80AD558129D7884C00A8F1C3 /* Release */,
			);
			defaultConfigurationIsVisible = 0;
			defaultConfigurationName = Release;
		};
/* End XCConfigurationList section */
	};
	rootObject = 80AD556329D7884A00A8F1C3 /* Project object */;
}
